// !$*UTF8*$!
{
	archiveVersion = 1;
	classes = {
	};
	objectVersion = 55;
	objects = {

/* Begin PBXBuildFile section */
		3292B94C28D5A56B0074C13D /* AppDelegate.swift in Sources */ = {isa = PBXBuildFile; fileRef = 3292B94B28D5A56B0074C13D /* AppDelegate.swift */; };
		3292B94E28D5A56B0074C13D /* SceneDelegate.swift in Sources */ = {isa = PBXBuildFile; fileRef = 3292B94D28D5A56B0074C13D /* SceneDelegate.swift */; };
		3292B95028D5A56B0074C13D /* ViewController.swift in Sources */ = {isa = PBXBuildFile; fileRef = 3292B94F28D5A56B0074C13D /* ViewController.swift */; };
		3292B95328D5A56B0074C13D /* Main.storyboard in Resources */ = {isa = PBXBuildFile; fileRef = 3292B95128D5A56B0074C13D /* Main.storyboard */; };
		3292B95528D5A56F0074C13D /* Assets.xcassets in Resources */ = {isa = PBXBuildFile; fileRef = 3292B95428D5A56F0074C13D /* Assets.xcassets */; };
		3292B95828D5A56F0074C13D /* LaunchScreen.storyboard in Resources */ = {isa = PBXBuildFile; fileRef = 3292B95628D5A56F0074C13D /* LaunchScreen.storyboard */; };
		32BBEF6A28D6AABF008A8F90 /* AddViewController.swift in Sources */ = {isa = PBXBuildFile; fileRef = 32BBEF6928D6AABF008A8F90 /* AddViewController.swift */; };
		32BBEF6C28D6AACA008A8F90 /* DetailViewController.swift in Sources */ = {isa = PBXBuildFile; fileRef = 32BBEF6B28D6AACA008A8F90 /* DetailViewController.swift */; };
		32BBEF7028D6ABED008A8F90 /* CollectionViewCell.swift in Sources */ = {isa = PBXBuildFile; fileRef = 32BBEF6F28D6ABED008A8F90 /* CollectionViewCell.swift */; };
		32BBEF7228D6B548008A8F90 /* Message.swift in Sources */ = {isa = PBXBuildFile; fileRef = 32BBEF7128D6B548008A8F90 /* Message.swift */; };
/* End PBXBuildFile section */

/* Begin PBXFileReference section */
		3292B94828D5A56B0074C13D /* CollectionView_Label.app */ = {isa = PBXFileReference; explicitFileType = wrapper.application; includeInIndex = 0; path = CollectionView_Label.app; sourceTree = BUILT_PRODUCTS_DIR; };
		3292B94B28D5A56B0074C13D /* AppDelegate.swift */ = {isa = PBXFileReference; lastKnownFileType = sourcecode.swift; path = AppDelegate.swift; sourceTree = "<group>"; };
		3292B94D28D5A56B0074C13D /* SceneDelegate.swift */ = {isa = PBXFileReference; lastKnownFileType = sourcecode.swift; path = SceneDelegate.swift; sourceTree = "<group>"; };
		3292B94F28D5A56B0074C13D /* ViewController.swift */ = {isa = PBXFileReference; lastKnownFileType = sourcecode.swift; path = ViewController.swift; sourceTree = "<group>"; };
		3292B95228D5A56B0074C13D /* Base */ = {isa = PBXFileReference; lastKnownFileType = file.storyboard; name = Base; path = Base.lproj/Main.storyboard; sourceTree = "<group>"; };
		3292B95428D5A56F0074C13D /* Assets.xcassets */ = {isa = PBXFileReference; lastKnownFileType = folder.assetcatalog; path = Assets.xcassets; sourceTree = "<group>"; };
		3292B95728D5A56F0074C13D /* Base */ = {isa = PBXFileReference; lastKnownFileType = file.storyboard; name = Base; path = Base.lproj/LaunchScreen.storyboard; sourceTree = "<group>"; };
		3292B95928D5A56F0074C13D /* Info.plist */ = {isa = PBXFileReference; lastKnownFileType = text.plist.xml; path = Info.plist; sourceTree = "<group>"; };
		32BBEF6928D6AABF008A8F90 /* AddViewController.swift */ = {isa = PBXFileReference; lastKnownFileType = sourcecode.swift; path = AddViewController.swift; sourceTree = "<group>"; };
		32BBEF6B28D6AACA008A8F90 /* DetailViewController.swift */ = {isa = PBXFileReference; lastKnownFileType = sourcecode.swift; path = DetailViewController.swift; sourceTree = "<group>"; };
		32BBEF6F28D6ABED008A8F90 /* CollectionViewCell.swift */ = {isa = PBXFileReference; lastKnownFileType = sourcecode.swift; path = CollectionViewCell.swift; sourceTree = "<group>"; };
		32BBEF7128D6B548008A8F90 /* Message.swift */ = {isa = PBXFileReference; lastKnownFileType = sourcecode.swift; path = Message.swift; sourceTree = "<group>"; };
/* End PBXFileReference section */

/* Begin PBXFrameworksBuildPhase section */
		3292B94528D5A56B0074C13D /* Frameworks */ = {
			isa = PBXFrameworksBuildPhase;
			buildActionMask = 2147483647;
			files = (
			);
			runOnlyForDeploymentPostprocessing = 0;
		};
/* End PBXFrameworksBuildPhase section */

/* Begin PBXGroup section */
		3292B93F28D5A56B0074C13D = {
			isa = PBXGroup;
			children = (
				3292B94A28D5A56B0074C13D /* CollectionView_Label */,
				3292B94928D5A56B0074C13D /* Products */,
			);
			sourceTree = "<group>";
		};
		3292B94928D5A56B0074C13D /* Products */ = {
			isa = PBXGroup;
			children = (
				3292B94828D5A56B0074C13D /* CollectionView_Label.app */,
			);
			name = Products;
			sourceTree = "<group>";
		};
		3292B94A28D5A56B0074C13D /* CollectionView_Label */ = {
			isa = PBXGroup;
			children = (
				3292B94B28D5A56B0074C13D /* AppDelegate.swift */,
				3292B94D28D5A56B0074C13D /* SceneDelegate.swift */,
				3292B94F28D5A56B0074C13D /* ViewController.swift */,
				32BBEF6928D6AABF008A8F90 /* AddViewController.swift */,
				32BBEF6B28D6AACA008A8F90 /* DetailViewController.swift */,
				32BBEF6F28D6ABED008A8F90 /* CollectionViewCell.swift */,
				3292B95128D5A56B0074C13D /* Main.storyboard */,
				32BBEF7128D6B548008A8F90 /* Message.swift */,
				3292B95428D5A56F0074C13D /* Assets.xcassets */,
				3292B95628D5A56F0074C13D /* LaunchScreen.storyboard */,
				3292B95928D5A56F0074C13D /* Info.plist */,
			);
			path = CollectionView_Label;
			sourceTree = "<group>";
		};
/* End PBXGroup section */

/* Begin PBXNativeTarget section */
		3292B94728D5A56B0074C13D /* CollectionView_Label */ = {
			isa = PBXNativeTarget;
			buildConfigurationList = 3292B95C28D5A56F0074C13D /* Build configuration list for PBXNativeTarget "CollectionView_Label" */;
			buildPhases = (
				3292B94428D5A56B0074C13D /* Sources */,
				3292B94528D5A56B0074C13D /* Frameworks */,
				3292B94628D5A56B0074C13D /* Resources */,
			);
			buildRules = (
			);
			dependencies = (
			);
			name = CollectionView_Label;
			productName = CollectionView_Label;
			productReference = 3292B94828D5A56B0074C13D /* CollectionView_Label.app */;
			productType = "com.apple.product-type.application";
		};
/* End PBXNativeTarget section */

/* Begin PBXProject section */
		3292B94028D5A56B0074C13D /* Project object */ = {
			isa = PBXProject;
			attributes = {
				BuildIndependentTargetsInParallel = 1;
				LastSwiftUpdateCheck = 1340;
				LastUpgradeCheck = 1340;
				TargetAttributes = {
					3292B94728D5A56B0074C13D = {
						CreatedOnToolsVersion = 13.4.1;
					};
				};
			};
			buildConfigurationList = 3292B94328D5A56B0074C13D /* Build configuration list for PBXProject "CollectionView_Label" */;
			compatibilityVersion = "Xcode 13.0";
			developmentRegion = en;
			hasScannedForEncodings = 0;
			knownRegions = (
				en,
				Base,
			);
			mainGroup = 3292B93F28D5A56B0074C13D;
			productRefGroup = 3292B94928D5A56B0074C13D /* Products */;
			projectDirPath = "";
			projectRoot = "";
			targets = (
				3292B94728D5A56B0074C13D /* CollectionView_Label */,
			);
		};
/* End PBXProject section */

/* Begin PBXResourcesBuildPhase section */
		3292B94628D5A56B0074C13D /* Resources */ = {
			isa = PBXResourcesBuildPhase;
			buildActionMask = 2147483647;
			files = (
				3292B95828D5A56F0074C13D /* LaunchScreen.storyboard in Resources */,
				3292B95528D5A56F0074C13D /* Assets.xcassets in Resources */,
				3292B95328D5A56B0074C13D /* Main.storyboard in Resources */,
			);
			runOnlyForDeploymentPostprocessing = 0;
		};
/* End PBXResourcesBuildPhase section */

/* Begin PBXSourcesBuildPhase section */
		3292B94428D5A56B0074C13D /* Sources */ = {
			isa = PBXSourcesBuildPhase;
			buildActionMask = 2147483647;
			files = (
				32BBEF6A28D6AABF008A8F90 /* AddViewController.swift in Sources */,
				3292B95028D5A56B0074C13D /* ViewController.swift in Sources */,
				32BBEF7028D6ABED008A8F90 /* CollectionViewCell.swift in Sources */,
				3292B94C28D5A56B0074C13D /* AppDelegate.swift in Sources */,
				32BBEF6C28D6AACA008A8F90 /* DetailViewController.swift in Sources */,
				3292B94E28D5A56B0074C13D /* SceneDelegate.swift in Sources */,
				32BBEF7228D6B548008A8F90 /* Message.swift in Sources */,
			);
			runOnlyForDeploymentPostprocessing = 0;
		};
/* End PBXSourcesBuildPhase section */

/* Begin PBXVariantGroup section */
		3292B95128D5A56B0074C13D /* Main.storyboard */ = {
			isa = PBXVariantGroup;
			children = (
				3292B95228D5A56B0074C13D /* Base */,
			);
			name = Main.storyboard;
			sourceTree = "<group>";
		};
		3292B95628D5A56F0074C13D /* LaunchScreen.storyboard */ = {
			isa = PBXVariantGroup;
			children = (
				3292B95728D5A56F0074C13D /* Base */,
			);
			name = LaunchScreen.storyboard;
			sourceTree = "<group>";
		};
/* End PBXVariantGroup section */

/* Begin XCBuildConfiguration section */
		3292B95A28D5A56F0074C13D /* Debug */ = {
			isa = XCBuildConfiguration;
			buildSettings = {
				ALWAYS_SEARCH_USER_PATHS = NO;
				CLANG_ANALYZER_NONNULL = YES;
				CLANG_ANALYZER_NUMBER_OBJECT_CONVERSION = YES_AGGRESSIVE;
				CLANG_CXX_LANGUAGE_STANDARD = "gnu++17";
				CLANG_ENABLE_MODULES = YES;
				CLANG_ENABLE_OBJC_ARC = YES;
				CLANG_ENABLE_OBJC_WEAK = YES;
				CLANG_WARN_BLOCK_CAPTURE_AUTORELEASING = YES;
				CLANG_WARN_BOOL_CONVERSION = YES;
				CLANG_WARN_COMMA = YES;
				CLANG_WARN_CONSTANT_CONVERSION = YES;
				CLANG_WARN_DEPRECATED_OBJC_IMPLEMENTATIONS = YES;
				CLANG_WARN_DIRECT_OBJC_ISA_USAGE = YES_ERROR;
				CLANG_WARN_DOCUMENTATION_COMMENTS = YES;
				CLANG_WARN_EMPTY_BODY = YES;
				CLANG_WARN_ENUM_CONVERSION = YES;
				CLANG_WARN_INFINITE_RECURSION = YES;
				CLANG_WARN_INT_CONVERSION = YES;
				CLANG_WARN_NON_LITERAL_NULL_CONVERSION = YES;
				CLANG_WARN_OBJC_IMPLICIT_RETAIN_SELF = YES;
				CLANG_WARN_OBJC_LITERAL_CONVERSION = YES;
				CLANG_WARN_OBJC_ROOT_CLASS = YES_ERROR;
				CLANG_WARN_QUOTED_INCLUDE_IN_FRAMEWORK_HEADER = YES;
				CLANG_WARN_RANGE_LOOP_ANALYSIS = YES;
				CLANG_WARN_STRICT_PROTOTYPES = YES;
				CLANG_WARN_SUSPICIOUS_MOVE = YES;
				CLANG_WARN_UNGUARDED_AVAILABILITY = YES_AGGRESSIVE;
				CLANG_WARN_UNREACHABLE_CODE = YES;
				CLANG_WARN__DUPLICATE_METHOD_MATCH = YES;
				COPY_PHASE_STRIP = NO;
				DEBUG_INFORMATION_FORMAT = dwarf;
				ENABLE_STRICT_OBJC_MSGSEND = YES;
				ENABLE_TESTABILITY = YES;
				GCC_C_LANGUAGE_STANDARD = gnu11;
				GCC_DYNAMIC_NO_PIC = NO;
				GCC_NO_COMMON_BLOCKS = YES;
				GCC_OPTIMIZATION_LEVEL = 0;
				GCC_PREPROCESSOR_DEFINITIONS = (
					"DEBUG=1",
					"$(inherited)",
				);
				GCC_WARN_64_TO_32_BIT_CONVERSION = YES;
				GCC_WARN_ABOUT_RETURN_TYPE = YES_ERROR;
				GCC_WARN_UNDECLARED_SELECTOR = YES;
				GCC_WARN_UNINITIALIZED_AUTOS = YES_AGGRESSIVE;
				GCC_WARN_UNUSED_FUNCTION = YES;
				GCC_WARN_UNUSED_VARIABLE = YES;
				IPHONEOS_DEPLOYMENT_TARGET = 15.5;
				MTL_ENABLE_DEBUG_INFO = INCLUDE_SOURCE;
				MTL_FAST_MATH = YES;
				ONLY_ACTIVE_ARCH = YES;
				SDKROOT = iphoneos;
				SWIFT_ACTIVE_COMPILATION_CONDITIONS = DEBUG;
				SWIFT_OPTIMIZATION_LEVEL = "-Onone";
			};
			name = Debug;
		};
		3292B95B28D5A56F0074C13D /* Release */ = {
			isa = XCBuildConfiguration;
			buildSettings = {
				ALWAYS_SEARCH_USER_PATHS = NO;
				CLANG_ANALYZER_NONNULL = YES;
				CLANG_ANALYZER_NUMBER_OBJECT_CONVERSION = YES_AGGRESSIVE;
				CLANG_CXX_LANGUAGE_STANDARD = "gnu++17";
				CLANG_ENABLE_MODULES = YES;
				CLANG_ENABLE_OBJC_ARC = YES;
				CLANG_ENABLE_OBJC_WEAK = YES;
				CLANG_WARN_BLOCK_CAPTURE_AUTORELEASING = YES;
				CLANG_WARN_BOOL_CONVERSION = YES;
				CLANG_WARN_COMMA = YES;
				CLANG_WARN_CONSTANT_CONVERSION = YES;
				CLANG_WARN_DEPRECATED_OBJC_IMPLEMENTATIONS = YES;
				CLANG_WARN_DIRECT_OBJC_ISA_USAGE = YES_ERROR;
				CLANG_WARN_DOCUMENTATION_COMMENTS = YES;
				CLANG_WARN_EMPTY_BODY = YES;
				CLANG_WARN_ENUM_CONVERSION = YES;
				CLANG_WARN_INFINITE_RECURSION = YES;
				CLANG_WARN_INT_CONVERSION = YES;
				CLANG_WARN_NON_LITERAL_NULL_CONVERSION = YES;
				CLANG_WARN_OBJC_IMPLICIT_RETAIN_SELF = YES;
				CLANG_WARN_OBJC_LITERAL_CONVERSION = YES;
				CLANG_WARN_OBJC_ROOT_CLASS = YES_ERROR;
				CLANG_WARN_QUOTED_INCLUDE_IN_FRAMEWORK_HEADER = YES;
				CLANG_WARN_RANGE_LOOP_ANALYSIS = YES;
				CLANG_WARN_STRICT_PROTOTYPES = YES;
				CLANG_WARN_SUSPICIOUS_MOVE = YES;
				CLANG_WARN_UNGUARDED_AVAILABILITY = YES_AGGRESSIVE;
				CLANG_WARN_UNREACHABLE_CODE = YES;
				CLANG_WARN__DUPLICATE_METHOD_MATCH = YES;
				COPY_PHASE_STRIP = NO;
				DEBUG_INFORMATION_FORMAT = "dwarf-with-dsym";
				ENABLE_NS_ASSERTIONS = NO;
				ENABLE_STRICT_OBJC_MSGSEND = YES;
				GCC_C_LANGUAGE_STANDARD = gnu11;
				GCC_NO_COMMON_BLOCKS = YES;
				GCC_WARN_64_TO_32_BIT_CONVERSION = YES;
				GCC_WARN_ABOUT_RETURN_TYPE = YES_ERROR;
				GCC_WARN_UNDECLARED_SELECTOR = YES;
				GCC_WARN_UNINITIALIZED_AUTOS = YES_AGGRESSIVE;
				GCC_WARN_UNUSED_FUNCTION = YES;
				GCC_WARN_UNUSED_VARIABLE = YES;
				IPHONEOS_DEPLOYMENT_TARGET = 15.5;
				MTL_ENABLE_DEBUG_INFO = NO;
				MTL_FAST_MATH = YES;
				SDKROOT = iphoneos;
				SWIFT_COMPILATION_MODE = wholemodule;
				SWIFT_OPTIMIZATION_LEVEL = "-O";
				VALIDATE_PRODUCT = YES;
			};
			name = Release;
		};
		3292B95D28D5A56F0074C13D /* Debug */ = {
			isa = XCBuildConfiguration;
			buildSettings = {
				ASSETCATALOG_COMPILER_APPICON_NAME = AppIcon;
				ASSETCATALOG_COMPILER_GLOBAL_ACCENT_COLOR_NAME = AccentColor;
				CODE_SIGN_STYLE = Automatic;
				CURRENT_PROJECT_VERSION = 1;
				GENERATE_INFOPLIST_FILE = YES;
				INFOPLIST_FILE = CollectionView_Label/Info.plist;
				INFOPLIST_KEY_UIApplicationSupportsIndirectInputEvents = YES;
				INFOPLIST_KEY_UILaunchStoryboardName = LaunchScreen;
				INFOPLIST_KEY_UIMainStoryboardFile = Main;
				INFOPLIST_KEY_UISupportedInterfaceOrientations_iPad = "UIInterfaceOrientationPortrait UIInterfaceOrientationPortraitUpsideDown UIInterfaceOrientationLandscapeLeft UIInterfaceOrientationLandscapeRight";
				INFOPLIST_KEY_UISupportedInterfaceOrientations_iPhone = "UIInterfaceOrientationPortrait UIInterfaceOrientationLandscapeLeft UIInterfaceOrientationLandscapeRight";
				LD_RUNPATH_SEARCH_PATHS = (
					"$(inherited)",
					"@executable_path/Frameworks",
				);
				MARKETING_VERSION = 1.0;
				PRODUCT_BUNDLE_IDENTIFIER = "com.swiftlec.CollectionView-Label";
				PRODUCT_NAME = "$(TARGET_NAME)";
				SWIFT_EMIT_LOC_STRINGS = YES;
				SWIFT_VERSION = 5.0;
				TARGETED_DEVICE_FAMILY = "1,2";
			};
			name = Debug;
		};
		3292B95E28D5A56F0074C13D /* Release */ = {
			isa = XCBuildConfiguration;
			buildSettings = {
				ASSETCATALOG_COMPILER_APPICON_NAME = AppIcon;
				ASSETCATALOG_COMPILER_GLOBAL_ACCENT_COLOR_NAME = AccentColor;
				CODE_SIGN_STYLE = Automatic;
				CURRENT_PROJECT_VERSION = 1;
				GENERATE_INFOPLIST_FILE = YES;
				INFOPLIST_FILE = CollectionView_Label/Info.plist;
				INFOPLIST_KEY_UIApplicationSupportsIndirectInputEvents = YES;
				INFOPLIST_KEY_UILaunchStoryboardName = LaunchScreen;
				INFOPLIST_KEY_UIMainStoryboardFile = Main;
				INFOPLIST_KEY_UISupportedInterfaceOrientations_iPad = "UIInterfaceOrientationPortrait UIInterfaceOrientationPortraitUpsideDown UIInterfaceOrientationLandscapeLeft UIInterfaceOrientationLandscapeRight";
				INFOPLIST_KEY_UISupportedInterfaceOrientations_iPhone = "UIInterfaceOrientationPortrait UIInterfaceOrientationLandscapeLeft UIInterfaceOrientationLandscapeRight";
				LD_RUNPATH_SEARCH_PATHS = (
					"$(inherited)",
					"@executable_path/Frameworks",
				);
				MARKETING_VERSION = 1.0;
				PRODUCT_BUNDLE_IDENTIFIER = "com.swiftlec.CollectionView-Label";
				PRODUCT_NAME = "$(TARGET_NAME)";
				SWIFT_EMIT_LOC_STRINGS = YES;
				SWIFT_VERSION = 5.0;
				TARGETED_DEVICE_FAMILY = "1,2";
			};
			name = Release;
		};
/* End XCBuildConfiguration section */

/* Begin XCConfigurationList section */
		3292B94328D5A56B0074C13D /* Build configuration list for PBXProject "CollectionView_Label" */ = {
			isa = XCConfigurationList;
			buildConfigurations = (
				3292B95A28D5A56F0074C13D /* Debug */,
				3292B95B28D5A56F0074C13D /* Release */,
			);
			defaultConfigurationIsVisible = 0;
			defaultConfigurationName = Release;
		};
		3292B95C28D5A56F0074C13D /* Build configuration list for PBXNativeTarget "CollectionView_Label" */ = {
			isa = XCConfigurationList;
			buildConfigurations = (
				3292B95D28D5A56F0074C13D /* Debug */,
				3292B95E28D5A56F0074C13D /* Release */,
			);
			defaultConfigurationIsVisible = 0;
			defaultConfigurationName = Release;
		};
/* End XCConfigurationList section */
	};
	rootObject = 3292B94028D5A56B0074C13D /* Project object */;
}
