// !$*UTF8*$!
{
	archiveVersion = 1;
	classes = {
	};
	objectVersion = 55;
	objects = {

/* Begin PBXBuildFile section */
		323374E228DEB06D00043946 /* AppDelegate.swift in Sources */ = {isa = PBXBuildFile; fileRef = 323374E128DEB06D00043946 /* AppDelegate.swift */; };
		323374E428DEB06D00043946 /* SceneDelegate.swift in Sources */ = {isa = PBXBuildFile; fileRef = 323374E328DEB06D00043946 /* SceneDelegate.swift */; };
		323374E928DEB06D00043946 /* Main.storyboard in Resources */ = {isa = PBXBuildFile; fileRef = 323374E728DEB06D00043946 /* Main.storyboard */; };
		323374EB28DEB06F00043946 /* Assets.xcassets in Resources */ = {isa = PBXBuildFile; fileRef = 323374EA28DEB06F00043946 /* Assets.xcassets */; };
		323374EE28DEB06F00043946 /* LaunchScreen.storyboard in Resources */ = {isa = PBXBuildFile; fileRef = 323374EC28DEB06F00043946 /* LaunchScreen.storyboard */; };
		323374F628DEB0A100043946 /* TableViewController.swift in Sources */ = {isa = PBXBuildFile; fileRef = 323374F528DEB0A100043946 /* TableViewController.swift */; };
		323374F828DEB0AD00043946 /* TableViewCell.swift in Sources */ = {isa = PBXBuildFile; fileRef = 323374F728DEB0AD00043946 /* TableViewCell.swift */; };
		323374FA28DEB18300043946 /* MovieJson.swift in Sources */ = {isa = PBXBuildFile; fileRef = 323374F928DEB18300043946 /* MovieJson.swift */; };
		323374FE28DEB29200043946 /* QueryModel.swift in Sources */ = {isa = PBXBuildFile; fileRef = 323374FD28DEB29200043946 /* QueryModel.swift */; };
		3233750028DEB84400043946 /* DBModel.swift in Sources */ = {isa = PBXBuildFile; fileRef = 323374FF28DEB84400043946 /* DBModel.swift */; };
/* End PBXBuildFile section */

/* Begin PBXFileReference section */
		323374DE28DEB06D00043946 /* ServerJsonImageList.app */ = {isa = PBXFileReference; explicitFileType = wrapper.application; includeInIndex = 0; path = ServerJsonImageList.app; sourceTree = BUILT_PRODUCTS_DIR; };
		323374E128DEB06D00043946 /* AppDelegate.swift */ = {isa = PBXFileReference; lastKnownFileType = sourcecode.swift; path = AppDelegate.swift; sourceTree = "<group>"; };
		323374E328DEB06D00043946 /* SceneDelegate.swift */ = {isa = PBXFileReference; lastKnownFileType = sourcecode.swift; path = SceneDelegate.swift; sourceTree = "<group>"; };
		323374E828DEB06D00043946 /* Base */ = {isa = PBXFileReference; lastKnownFileType = file.storyboard; name = Base; path = Base.lproj/Main.storyboard; sourceTree = "<group>"; };
		323374EA28DEB06F00043946 /* Assets.xcassets */ = {isa = PBXFileReference; lastKnownFileType = folder.assetcatalog; path = Assets.xcassets; sourceTree = "<group>"; };
		323374ED28DEB06F00043946 /* Base */ = {isa = PBXFileReference; lastKnownFileType = file.storyboard; name = Base; path = Base.lproj/LaunchScreen.storyboard; sourceTree = "<group>"; };
		323374EF28DEB06F00043946 /* Info.plist */ = {isa = PBXFileReference; lastKnownFileType = text.plist.xml; path = Info.plist; sourceTree = "<group>"; };
		323374F528DEB0A100043946 /* TableViewController.swift */ = {isa = PBXFileReference; lastKnownFileType = sourcecode.swift; path = TableViewController.swift; sourceTree = "<group>"; };
		323374F728DEB0AD00043946 /* TableViewCell.swift */ = {isa = PBXFileReference; lastKnownFileType = sourcecode.swift; path = TableViewCell.swift; sourceTree = "<group>"; };
		323374F928DEB18300043946 /* MovieJson.swift */ = {isa = PBXFileReference; lastKnownFileType = sourcecode.swift; path = MovieJson.swift; sourceTree = "<group>"; };
		323374FD28DEB29200043946 /* QueryModel.swift */ = {isa = PBXFileReference; lastKnownFileType = sourcecode.swift; path = QueryModel.swift; sourceTree = "<group>"; };
		323374FF28DEB84400043946 /* DBModel.swift */ = {isa = PBXFileReference; lastKnownFileType = sourcecode.swift; path = DBModel.swift; sourceTree = "<group>"; };
/* End PBXFileReference section */

/* Begin PBXFrameworksBuildPhase section */
		323374DB28DEB06D00043946 /* Frameworks */ = {
			isa = PBXFrameworksBuildPhase;
			buildActionMask = 2147483647;
			files = (
			);
			runOnlyForDeploymentPostprocessing = 0;
		};
/* End PBXFrameworksBuildPhase section */

/* Begin PBXGroup section */
		323374D528DEB06D00043946 = {
			isa = PBXGroup;
			children = (
				323374E028DEB06D00043946 /* ServerJsonImageList */,
				323374DF28DEB06D00043946 /* Products */,
			);
			sourceTree = "<group>";
		};
		323374DF28DEB06D00043946 /* Products */ = {
			isa = PBXGroup;
			children = (
				323374DE28DEB06D00043946 /* ServerJsonImageList.app */,
			);
			name = Products;
			sourceTree = "<group>";
		};
		323374E028DEB06D00043946 /* ServerJsonImageList */ = {
			isa = PBXGroup;
			children = (
				323374E128DEB06D00043946 /* AppDelegate.swift */,
				323374E328DEB06D00043946 /* SceneDelegate.swift */,
				323374E728DEB06D00043946 /* Main.storyboard */,
				323374EA28DEB06F00043946 /* Assets.xcassets */,
				323374EC28DEB06F00043946 /* LaunchScreen.storyboard */,
				323374EF28DEB06F00043946 /* Info.plist */,
				323374F528DEB0A100043946 /* TableViewController.swift */,
				323374F728DEB0AD00043946 /* TableViewCell.swift */,
				323374F928DEB18300043946 /* MovieJson.swift */,
				323374FD28DEB29200043946 /* QueryModel.swift */,
				323374FF28DEB84400043946 /* DBModel.swift */,
			);
			path = ServerJsonImageList;
			sourceTree = "<group>";
		};
/* End PBXGroup section */

/* Begin PBXNativeTarget section */
		323374DD28DEB06D00043946 /* ServerJsonImageList */ = {
			isa = PBXNativeTarget;
			buildConfigurationList = 323374F228DEB06F00043946 /* Build configuration list for PBXNativeTarget "ServerJsonImageList" */;
			buildPhases = (
				323374DA28DEB06D00043946 /* Sources */,
				323374DB28DEB06D00043946 /* Frameworks */,
				323374DC28DEB06D00043946 /* Resources */,
			);
			buildRules = (
			);
			dependencies = (
			);
			name = ServerJsonImageList;
			productName = ServerJsonImageList;
			productReference = 323374DE28DEB06D00043946 /* ServerJsonImageList.app */;
			productType = "com.apple.product-type.application";
		};
/* End PBXNativeTarget section */

/* Begin PBXProject section */
		323374D628DEB06D00043946 /* Project object */ = {
			isa = PBXProject;
			attributes = {
				BuildIndependentTargetsInParallel = 1;
				LastSwiftUpdateCheck = 1340;
				LastUpgradeCheck = 1340;
				TargetAttributes = {
					323374DD28DEB06D00043946 = {
						CreatedOnToolsVersion = 13.4.1;
					};
				};
			};
			buildConfigurationList = 323374D928DEB06D00043946 /* Build configuration list for PBXProject "ServerJsonImageList" */;
			compatibilityVersion = "Xcode 13.0";
			developmentRegion = en;
			hasScannedForEncodings = 0;
			knownRegions = (
				en,
				Base,
			);
			mainGroup = 323374D528DEB06D00043946;
			productRefGroup = 323374DF28DEB06D00043946 /* Products */;
			projectDirPath = "";
			projectRoot = "";
			targets = (
				323374DD28DEB06D00043946 /* ServerJsonImageList */,
			);
		};
/* End PBXProject section */

/* Begin PBXResourcesBuildPhase section */
		323374DC28DEB06D00043946 /* Resources */ = {
			isa = PBXResourcesBuildPhase;
			buildActionMask = 2147483647;
			files = (
				323374EE28DEB06F00043946 /* LaunchScreen.storyboard in Resources */,
				323374EB28DEB06F00043946 /* Assets.xcassets in Resources */,
				323374E928DEB06D00043946 /* Main.storyboard in Resources */,
			);
			runOnlyForDeploymentPostprocessing = 0;
		};
/* End PBXResourcesBuildPhase section */

/* Begin PBXSourcesBuildPhase section */
		323374DA28DEB06D00043946 /* Sources */ = {
			isa = PBXSourcesBuildPhase;
			buildActionMask = 2147483647;
			files = (
				323374FA28DEB18300043946 /* MovieJson.swift in Sources */,
				3233750028DEB84400043946 /* DBModel.swift in Sources */,
				323374E228DEB06D00043946 /* AppDelegate.swift in Sources */,
				323374F828DEB0AD00043946 /* TableViewCell.swift in Sources */,
				323374F628DEB0A100043946 /* TableViewController.swift in Sources */,
				323374FE28DEB29200043946 /* QueryModel.swift in Sources */,
				323374E428DEB06D00043946 /* SceneDelegate.swift in Sources */,
			);
			runOnlyForDeploymentPostprocessing = 0;
		};
/* End PBXSourcesBuildPhase section */

/* Begin PBXVariantGroup section */
		323374E728DEB06D00043946 /* Main.storyboard */ = {
			isa = PBXVariantGroup;
			children = (
				323374E828DEB06D00043946 /* Base */,
			);
			name = Main.storyboard;
			sourceTree = "<group>";
		};
		323374EC28DEB06F00043946 /* LaunchScreen.storyboard */ = {
			isa = PBXVariantGroup;
			children = (
				323374ED28DEB06F00043946 /* Base */,
			);
			name = LaunchScreen.storyboard;
			sourceTree = "<group>";
		};
/* End PBXVariantGroup section */

/* Begin XCBuildConfiguration section */
		323374F028DEB06F00043946 /* Debug */ = {
			isa = XCBuildConfiguration;
			buildSettings = {
				ALWAYS_SEARCH_USER_PATHS = NO;
				CLANG_ANALYZER_NONNULL = YES;
				CLANG_ANALYZER_NUMBER_OBJECT_CONVERSION = YES_AGGRESSIVE;
				CLANG_CXX_LANGUAGE_STANDARD = "gnu++17";
				CLANG_ENABLE_MODULES = YES;
				CLANG_ENABLE_OBJC_ARC = YES;
				CLANG_ENABLE_OBJC_WEAK = YES;
				CLANG_WARN_BLOCK_CAPTURE_AUTORELEASING = YES;
				CLANG_WARN_BOOL_CONVERSION = YES;
				CLANG_WARN_COMMA = YES;
				CLANG_WARN_CONSTANT_CONVERSION = YES;
				CLANG_WARN_DEPRECATED_OBJC_IMPLEMENTATIONS = YES;
				CLANG_WARN_DIRECT_OBJC_ISA_USAGE = YES_ERROR;
				CLANG_WARN_DOCUMENTATION_COMMENTS = YES;
				CLANG_WARN_EMPTY_BODY = YES;
				CLANG_WARN_ENUM_CONVERSION = YES;
				CLANG_WARN_INFINITE_RECURSION = YES;
				CLANG_WARN_INT_CONVERSION = YES;
				CLANG_WARN_NON_LITERAL_NULL_CONVERSION = YES;
				CLANG_WARN_OBJC_IMPLICIT_RETAIN_SELF = YES;
				CLANG_WARN_OBJC_LITERAL_CONVERSION = YES;
				CLANG_WARN_OBJC_ROOT_CLASS = YES_ERROR;
				CLANG_WARN_QUOTED_INCLUDE_IN_FRAMEWORK_HEADER = YES;
				CLANG_WARN_RANGE_LOOP_ANALYSIS = YES;
				CLANG_WARN_STRICT_PROTOTYPES = YES;
				CLANG_WARN_SUSPICIOUS_MOVE = YES;
				CLANG_WARN_UNGUARDED_AVAILABILITY = YES_AGGRESSIVE;
				CLANG_WARN_UNREACHABLE_CODE = YES;
				CLANG_WARN__DUPLICATE_METHOD_MATCH = YES;
				COPY_PHASE_STRIP = NO;
				DEBUG_INFORMATION_FORMAT = dwarf;
				ENABLE_STRICT_OBJC_MSGSEND = YES;
				ENABLE_TESTABILITY = YES;
				GCC_C_LANGUAGE_STANDARD = gnu11;
				GCC_DYNAMIC_NO_PIC = NO;
				GCC_NO_COMMON_BLOCKS = YES;
				GCC_OPTIMIZATION_LEVEL = 0;
				GCC_PREPROCESSOR_DEFINITIONS = (
					"DEBUG=1",
					"$(inherited)",
				);
				GCC_WARN_64_TO_32_BIT_CONVERSION = YES;
				GCC_WARN_ABOUT_RETURN_TYPE = YES_ERROR;
				GCC_WARN_UNDECLARED_SELECTOR = YES;
				GCC_WARN_UNINITIALIZED_AUTOS = YES_AGGRESSIVE;
				GCC_WARN_UNUSED_FUNCTION = YES;
				GCC_WARN_UNUSED_VARIABLE = YES;
				IPHONEOS_DEPLOYMENT_TARGET = 15.5;
				MTL_ENABLE_DEBUG_INFO = INCLUDE_SOURCE;
				MTL_FAST_MATH = YES;
				ONLY_ACTIVE_ARCH = YES;
				SDKROOT = iphoneos;
				SWIFT_ACTIVE_COMPILATION_CONDITIONS = DEBUG;
				SWIFT_OPTIMIZATION_LEVEL = "-Onone";
			};
			name = Debug;
		};
		323374F128DEB06F00043946 /* Release */ = {
			isa = XCBuildConfiguration;
			buildSettings = {
				ALWAYS_SEARCH_USER_PATHS = NO;
				CLANG_ANALYZER_NONNULL = YES;
				CLANG_ANALYZER_NUMBER_OBJECT_CONVERSION = YES_AGGRESSIVE;
				CLANG_CXX_LANGUAGE_STANDARD = "gnu++17";
				CLANG_ENABLE_MODULES = YES;
				CLANG_ENABLE_OBJC_ARC = YES;
				CLANG_ENABLE_OBJC_WEAK = YES;
				CLANG_WARN_BLOCK_CAPTURE_AUTORELEASING = YES;
				CLANG_WARN_BOOL_CONVERSION = YES;
				CLANG_WARN_COMMA = YES;
				CLANG_WARN_CONSTANT_CONVERSION = YES;
				CLANG_WARN_DEPRECATED_OBJC_IMPLEMENTATIONS = YES;
				CLANG_WARN_DIRECT_OBJC_ISA_USAGE = YES_ERROR;
				CLANG_WARN_DOCUMENTATION_COMMENTS = YES;
				CLANG_WARN_EMPTY_BODY = YES;
				CLANG_WARN_ENUM_CONVERSION = YES;
				CLANG_WARN_INFINITE_RECURSION = YES;
				CLANG_WARN_INT_CONVERSION = YES;
				CLANG_WARN_NON_LITERAL_NULL_CONVERSION = YES;
				CLANG_WARN_OBJC_IMPLICIT_RETAIN_SELF = YES;
				CLANG_WARN_OBJC_LITERAL_CONVERSION = YES;
				CLANG_WARN_OBJC_ROOT_CLASS = YES_ERROR;
				CLANG_WARN_QUOTED_INCLUDE_IN_FRAMEWORK_HEADER = YES;
				CLANG_WARN_RANGE_LOOP_ANALYSIS = YES;
				CLANG_WARN_STRICT_PROTOTYPES = YES;
				CLANG_WARN_SUSPICIOUS_MOVE = YES;
				CLANG_WARN_UNGUARDED_AVAILABILITY = YES_AGGRESSIVE;
				CLANG_WARN_UNREACHABLE_CODE = YES;
				CLANG_WARN__DUPLICATE_METHOD_MATCH = YES;
				COPY_PHASE_STRIP = NO;
				DEBUG_INFORMATION_FORMAT = "dwarf-with-dsym";
				ENABLE_NS_ASSERTIONS = NO;
				ENABLE_STRICT_OBJC_MSGSEND = YES;
				GCC_C_LANGUAGE_STANDARD = gnu11;
				GCC_NO_COMMON_BLOCKS = YES;
				GCC_WARN_64_TO_32_BIT_CONVERSION = YES;
				GCC_WARN_ABOUT_RETURN_TYPE = YES_ERROR;
				GCC_WARN_UNDECLARED_SELECTOR = YES;
				GCC_WARN_UNINITIALIZED_AUTOS = YES_AGGRESSIVE;
				GCC_WARN_UNUSED_FUNCTION = YES;
				GCC_WARN_UNUSED_VARIABLE = YES;
				IPHONEOS_DEPLOYMENT_TARGET = 15.5;
				MTL_ENABLE_DEBUG_INFO = NO;
				MTL_FAST_MATH = YES;
				SDKROOT = iphoneos;
				SWIFT_COMPILATION_MODE = wholemodule;
				SWIFT_OPTIMIZATION_LEVEL = "-O";
				VALIDATE_PRODUCT = YES;
			};
			name = Release;
		};
		323374F328DEB06F00043946 /* Debug */ = {
			isa = XCBuildConfiguration;
			buildSettings = {
				ASSETCATALOG_COMPILER_APPICON_NAME = AppIcon;
				ASSETCATALOG_COMPILER_GLOBAL_ACCENT_COLOR_NAME = AccentColor;
				CODE_SIGN_STYLE = Automatic;
				CURRENT_PROJECT_VERSION = 1;
				GENERATE_INFOPLIST_FILE = YES;
				INFOPLIST_FILE = ServerJsonImageList/Info.plist;
				INFOPLIST_KEY_UIApplicationSupportsIndirectInputEvents = YES;
				INFOPLIST_KEY_UILaunchStoryboardName = LaunchScreen;
				INFOPLIST_KEY_UIMainStoryboardFile = Main;
				INFOPLIST_KEY_UISupportedInterfaceOrientations_iPad = "UIInterfaceOrientationPortrait UIInterfaceOrientationPortraitUpsideDown UIInterfaceOrientationLandscapeLeft UIInterfaceOrientationLandscapeRight";
				INFOPLIST_KEY_UISupportedInterfaceOrientations_iPhone = "UIInterfaceOrientationPortrait UIInterfaceOrientationLandscapeLeft UIInterfaceOrientationLandscapeRight";
				LD_RUNPATH_SEARCH_PATHS = (
					"$(inherited)",
					"@executable_path/Frameworks",
				);
				MARKETING_VERSION = 1.0;
				PRODUCT_BUNDLE_IDENTIFIER = com.swiftlec.ServerJsonImageList;
				PRODUCT_NAME = "$(TARGET_NAME)";
				SWIFT_EMIT_LOC_STRINGS = YES;
				SWIFT_VERSION = 5.0;
				TARGETED_DEVICE_FAMILY = "1,2";
			};
			name = Debug;
		};
		323374F428DEB06F00043946 /* Release */ = {
			isa = XCBuildConfiguration;
			buildSettings = {
				ASSETCATALOG_COMPILER_APPICON_NAME = AppIcon;
				ASSETCATALOG_COMPILER_GLOBAL_ACCENT_COLOR_NAME = AccentColor;
				CODE_SIGN_STYLE = Automatic;
				CURRENT_PROJECT_VERSION = 1;
				GENERATE_INFOPLIST_FILE = YES;
				INFOPLIST_FILE = ServerJsonImageList/Info.plist;
				INFOPLIST_KEY_UIApplicationSupportsIndirectInputEvents = YES;
				INFOPLIST_KEY_UILaunchStoryboardName = LaunchScreen;
				INFOPLIST_KEY_UIMainStoryboardFile = Main;
				INFOPLIST_KEY_UISupportedInterfaceOrientations_iPad = "UIInterfaceOrientationPortrait UIInterfaceOrientationPortraitUpsideDown UIInterfaceOrientationLandscapeLeft UIInterfaceOrientationLandscapeRight";
				INFOPLIST_KEY_UISupportedInterfaceOrientations_iPhone = "UIInterfaceOrientationPortrait UIInterfaceOrientationLandscapeLeft UIInterfaceOrientationLandscapeRight";
				LD_RUNPATH_SEARCH_PATHS = (
					"$(inherited)",
					"@executable_path/Frameworks",
				);
				MARKETING_VERSION = 1.0;
				PRODUCT_BUNDLE_IDENTIFIER = com.swiftlec.ServerJsonImageList;
				PRODUCT_NAME = "$(TARGET_NAME)";
				SWIFT_EMIT_LOC_STRINGS = YES;
				SWIFT_VERSION = 5.0;
				TARGETED_DEVICE_FAMILY = "1,2";
			};
			name = Release;
		};
/* End XCBuildConfiguration section */

/* Begin XCConfigurationList section */
		323374D928DEB06D00043946 /* Build configuration list for PBXProject "ServerJsonImageList" */ = {
			isa = XCConfigurationList;
			buildConfigurations = (
				323374F028DEB06F00043946 /* Debug */,
				323374F128DEB06F00043946 /* Release */,
			);
			defaultConfigurationIsVisible = 0;
			defaultConfigurationName = Release;
		};
		323374F228DEB06F00043946 /* Build configuration list for PBXNativeTarget "ServerJsonImageList" */ = {
			isa = XCConfigurationList;
			buildConfigurations = (
				323374F328DEB06F00043946 /* Debug */,
				323374F428DEB06F00043946 /* Release */,
			);
			defaultConfigurationIsVisible = 0;
			defaultConfigurationName = Release;
		};
/* End XCConfigurationList section */
	};
	rootObject = 323374D628DEB06D00043946 /* Project object */;
}
