// !$*UTF8*$!
{
	archiveVersion = 1;
	classes = {
	};
	objectVersion = 55;
	objects = {

/* Begin PBXBuildFile section */
		32BBEF8028D6BB9E008A8F90 /* AppDelegate.swift in Sources */ = {isa = PBXBuildFile; fileRef = 32BBEF7F28D6BB9E008A8F90 /* AppDelegate.swift */; };
		32BBEF8228D6BB9E008A8F90 /* SceneDelegate.swift in Sources */ = {isa = PBXBuildFile; fileRef = 32BBEF8128D6BB9E008A8F90 /* SceneDelegate.swift */; };
		32BBEF8428D6BB9E008A8F90 /* ViewController.swift in Sources */ = {isa = PBXBuildFile; fileRef = 32BBEF8328D6BB9E008A8F90 /* ViewController.swift */; };
		32BBEF8728D6BB9E008A8F90 /* Main.storyboard in Resources */ = {isa = PBXBuildFile; fileRef = 32BBEF8528D6BB9E008A8F90 /* Main.storyboard */; };
		32BBEF8928D6BBA1008A8F90 /* Assets.xcassets in Resources */ = {isa = PBXBuildFile; fileRef = 32BBEF8828D6BBA1008A8F90 /* Assets.xcassets */; };
		32BBEF8C28D6BBA1008A8F90 /* LaunchScreen.storyboard in Resources */ = {isa = PBXBuildFile; fileRef = 32BBEF8A28D6BBA1008A8F90 /* LaunchScreen.storyboard */; };
		32BBEF9428D6BCE8008A8F90 /* CollectionViewCell.swift in Sources */ = {isa = PBXBuildFile; fileRef = 32BBEF9328D6BCE8008A8F90 /* CollectionViewCell.swift */; };
		32BBEF9628D6BCFD008A8F90 /* DetailViewController.swift in Sources */ = {isa = PBXBuildFile; fileRef = 32BBEF9528D6BCFD008A8F90 /* DetailViewController.swift */; };
		32BBEF9828D6C431008A8F90 /* Message.swift in Sources */ = {isa = PBXBuildFile; fileRef = 32BBEF9728D6C431008A8F90 /* Message.swift */; };
		32BBEF9A28D6C67E008A8F90 /* CollectionViewCell2.swift in Sources */ = {isa = PBXBuildFile; fileRef = 32BBEF9928D6C67E008A8F90 /* CollectionViewCell2.swift */; };
/* End PBXBuildFile section */

/* Begin PBXFileReference section */
		32BBEF7C28D6BB9E008A8F90 /* CollectionView_Image.app */ = {isa = PBXFileReference; explicitFileType = wrapper.application; includeInIndex = 0; path = CollectionView_Image.app; sourceTree = BUILT_PRODUCTS_DIR; };
		32BBEF7F28D6BB9E008A8F90 /* AppDelegate.swift */ = {isa = PBXFileReference; lastKnownFileType = sourcecode.swift; path = AppDelegate.swift; sourceTree = "<group>"; };
		32BBEF8128D6BB9E008A8F90 /* SceneDelegate.swift */ = {isa = PBXFileReference; lastKnownFileType = sourcecode.swift; path = SceneDelegate.swift; sourceTree = "<group>"; };
		32BBEF8328D6BB9E008A8F90 /* ViewController.swift */ = {isa = PBXFileReference; lastKnownFileType = sourcecode.swift; path = ViewController.swift; sourceTree = "<group>"; };
		32BBEF8628D6BB9E008A8F90 /* Base */ = {isa = PBXFileReference; lastKnownFileType = file.storyboard; name = Base; path = Base.lproj/Main.storyboard; sourceTree = "<group>"; };
		32BBEF8828D6BBA1008A8F90 /* Assets.xcassets */ = {isa = PBXFileReference; lastKnownFileType = folder.assetcatalog; path = Assets.xcassets; sourceTree = "<group>"; };
		32BBEF8B28D6BBA1008A8F90 /* Base */ = {isa = PBXFileReference; lastKnownFileType = file.storyboard; name = Base; path = Base.lproj/LaunchScreen.storyboard; sourceTree = "<group>"; };
		32BBEF8D28D6BBA1008A8F90 /* Info.plist */ = {isa = PBXFileReference; lastKnownFileType = text.plist.xml; path = Info.plist; sourceTree = "<group>"; };
		32BBEF9328D6BCE8008A8F90 /* CollectionViewCell.swift */ = {isa = PBXFileReference; lastKnownFileType = sourcecode.swift; path = CollectionViewCell.swift; sourceTree = "<group>"; };
		32BBEF9528D6BCFD008A8F90 /* DetailViewController.swift */ = {isa = PBXFileReference; lastKnownFileType = sourcecode.swift; path = DetailViewController.swift; sourceTree = "<group>"; };
		32BBEF9728D6C431008A8F90 /* Message.swift */ = {isa = PBXFileReference; lastKnownFileType = sourcecode.swift; path = Message.swift; sourceTree = "<group>"; };
		32BBEF9928D6C67E008A8F90 /* CollectionViewCell2.swift */ = {isa = PBXFileReference; lastKnownFileType = sourcecode.swift; path = CollectionViewCell2.swift; sourceTree = "<group>"; };
/* End PBXFileReference section */

/* Begin PBXFrameworksBuildPhase section */
		32BBEF7928D6BB9E008A8F90 /* Frameworks */ = {
			isa = PBXFrameworksBuildPhase;
			buildActionMask = 2147483647;
			files = (
			);
			runOnlyForDeploymentPostprocessing = 0;
		};
/* End PBXFrameworksBuildPhase section */

/* Begin PBXGroup section */
		32BBEF7328D6BB9E008A8F90 = {
			isa = PBXGroup;
			children = (
				32BBEF7E28D6BB9E008A8F90 /* CollectionView_Image */,
				32BBEF7D28D6BB9E008A8F90 /* Products */,
			);
			sourceTree = "<group>";
		};
		32BBEF7D28D6BB9E008A8F90 /* Products */ = {
			isa = PBXGroup;
			children = (
				32BBEF7C28D6BB9E008A8F90 /* CollectionView_Image.app */,
			);
			name = Products;
			sourceTree = "<group>";
		};
		32BBEF7E28D6BB9E008A8F90 /* CollectionView_Image */ = {
			isa = PBXGroup;
			children = (
				32BBEF7F28D6BB9E008A8F90 /* AppDelegate.swift */,
				32BBEF8128D6BB9E008A8F90 /* SceneDelegate.swift */,
				32BBEF8328D6BB9E008A8F90 /* ViewController.swift */,
				32BBEF8528D6BB9E008A8F90 /* Main.storyboard */,
				32BBEF8828D6BBA1008A8F90 /* Assets.xcassets */,
				32BBEF8A28D6BBA1008A8F90 /* LaunchScreen.storyboard */,
				32BBEF8D28D6BBA1008A8F90 /* Info.plist */,
				32BBEF9328D6BCE8008A8F90 /* CollectionViewCell.swift */,
				32BBEF9528D6BCFD008A8F90 /* DetailViewController.swift */,
				32BBEF9728D6C431008A8F90 /* Message.swift */,
				32BBEF9928D6C67E008A8F90 /* CollectionViewCell2.swift */,
			);
			path = CollectionView_Image;
			sourceTree = "<group>";
		};
/* End PBXGroup section */

/* Begin PBXNativeTarget section */
		32BBEF7B28D6BB9E008A8F90 /* CollectionView_Image */ = {
			isa = PBXNativeTarget;
			buildConfigurationList = 32BBEF9028D6BBA1008A8F90 /* Build configuration list for PBXNativeTarget "CollectionView_Image" */;
			buildPhases = (
				32BBEF7828D6BB9E008A8F90 /* Sources */,
				32BBEF7928D6BB9E008A8F90 /* Frameworks */,
				32BBEF7A28D6BB9E008A8F90 /* Resources */,
			);
			buildRules = (
			);
			dependencies = (
			);
			name = CollectionView_Image;
			productName = CollectionView_Image;
			productReference = 32BBEF7C28D6BB9E008A8F90 /* CollectionView_Image.app */;
			productType = "com.apple.product-type.application";
		};
/* End PBXNativeTarget section */

/* Begin PBXProject section */
		32BBEF7428D6BB9E008A8F90 /* Project object */ = {
			isa = PBXProject;
			attributes = {
				BuildIndependentTargetsInParallel = 1;
				LastSwiftUpdateCheck = 1340;
				LastUpgradeCheck = 1340;
				TargetAttributes = {
					32BBEF7B28D6BB9E008A8F90 = {
						CreatedOnToolsVersion = 13.4.1;
					};
				};
			};
			buildConfigurationList = 32BBEF7728D6BB9E008A8F90 /* Build configuration list for PBXProject "CollectionView_Image" */;
			compatibilityVersion = "Xcode 13.0";
			developmentRegion = en;
			hasScannedForEncodings = 0;
			knownRegions = (
				en,
				Base,
			);
			mainGroup = 32BBEF7328D6BB9E008A8F90;
			productRefGroup = 32BBEF7D28D6BB9E008A8F90 /* Products */;
			projectDirPath = "";
			projectRoot = "";
			targets = (
				32BBEF7B28D6BB9E008A8F90 /* CollectionView_Image */,
			);
		};
/* End PBXProject section */

/* Begin PBXResourcesBuildPhase section */
		32BBEF7A28D6BB9E008A8F90 /* Resources */ = {
			isa = PBXResourcesBuildPhase;
			buildActionMask = 2147483647;
			files = (
				32BBEF8C28D6BBA1008A8F90 /* LaunchScreen.storyboard in Resources */,
				32BBEF8928D6BBA1008A8F90 /* Assets.xcassets in Resources */,
				32BBEF8728D6BB9E008A8F90 /* Main.storyboard in Resources */,
			);
			runOnlyForDeploymentPostprocessing = 0;
		};
/* End PBXResourcesBuildPhase section */

/* Begin PBXSourcesBuildPhase section */
		32BBEF7828D6BB9E008A8F90 /* Sources */ = {
			isa = PBXSourcesBuildPhase;
			buildActionMask = 2147483647;
			files = (
				32BBEF8428D6BB9E008A8F90 /* ViewController.swift in Sources */,
				32BBEF8028D6BB9E008A8F90 /* AppDelegate.swift in Sources */,
				32BBEF9628D6BCFD008A8F90 /* DetailViewController.swift in Sources */,
				32BBEF9A28D6C67E008A8F90 /* CollectionViewCell2.swift in Sources */,
				32BBEF9828D6C431008A8F90 /* Message.swift in Sources */,
				32BBEF9428D6BCE8008A8F90 /* CollectionViewCell.swift in Sources */,
				32BBEF8228D6BB9E008A8F90 /* SceneDelegate.swift in Sources */,
			);
			runOnlyForDeploymentPostprocessing = 0;
		};
/* End PBXSourcesBuildPhase section */

/* Begin PBXVariantGroup section */
		32BBEF8528D6BB9E008A8F90 /* Main.storyboard */ = {
			isa = PBXVariantGroup;
			children = (
				32BBEF8628D6BB9E008A8F90 /* Base */,
			);
			name = Main.storyboard;
			sourceTree = "<group>";
		};
		32BBEF8A28D6BBA1008A8F90 /* LaunchScreen.storyboard */ = {
			isa = PBXVariantGroup;
			children = (
				32BBEF8B28D6BBA1008A8F90 /* Base */,
			);
			name = LaunchScreen.storyboard;
			sourceTree = "<group>";
		};
/* End PBXVariantGroup section */

/* Begin XCBuildConfiguration section */
		32BBEF8E28D6BBA1008A8F90 /* Debug */ = {
			isa = XCBuildConfiguration;
			buildSettings = {
				ALWAYS_SEARCH_USER_PATHS = NO;
				CLANG_ANALYZER_NONNULL = YES;
				CLANG_ANALYZER_NUMBER_OBJECT_CONVERSION = YES_AGGRESSIVE;
				CLANG_CXX_LANGUAGE_STANDARD = "gnu++17";
				CLANG_ENABLE_MODULES = YES;
				CLANG_ENABLE_OBJC_ARC = YES;
				CLANG_ENABLE_OBJC_WEAK = YES;
				CLANG_WARN_BLOCK_CAPTURE_AUTORELEASING = YES;
				CLANG_WARN_BOOL_CONVERSION = YES;
				CLANG_WARN_COMMA = YES;
				CLANG_WARN_CONSTANT_CONVERSION = YES;
				CLANG_WARN_DEPRECATED_OBJC_IMPLEMENTATIONS = YES;
				CLANG_WARN_DIRECT_OBJC_ISA_USAGE = YES_ERROR;
				CLANG_WARN_DOCUMENTATION_COMMENTS = YES;
				CLANG_WARN_EMPTY_BODY = YES;
				CLANG_WARN_ENUM_CONVERSION = YES;
				CLANG_WARN_INFINITE_RECURSION = YES;
				CLANG_WARN_INT_CONVERSION = YES;
				CLANG_WARN_NON_LITERAL_NULL_CONVERSION = YES;
				CLANG_WARN_OBJC_IMPLICIT_RETAIN_SELF = YES;
				CLANG_WARN_OBJC_LITERAL_CONVERSION = YES;
				CLANG_WARN_OBJC_ROOT_CLASS = YES_ERROR;
				CLANG_WARN_QUOTED_INCLUDE_IN_FRAMEWORK_HEADER = YES;
				CLANG_WARN_RANGE_LOOP_ANALYSIS = YES;
				CLANG_WARN_STRICT_PROTOTYPES = YES;
				CLANG_WARN_SUSPICIOUS_MOVE = YES;
				CLANG_WARN_UNGUARDED_AVAILABILITY = YES_AGGRESSIVE;
				CLANG_WARN_UNREACHABLE_CODE = YES;
				CLANG_WARN__DUPLICATE_METHOD_MATCH = YES;
				COPY_PHASE_STRIP = NO;
				DEBUG_INFORMATION_FORMAT = dwarf;
				ENABLE_STRICT_OBJC_MSGSEND = YES;
				ENABLE_TESTABILITY = YES;
				GCC_C_LANGUAGE_STANDARD = gnu11;
				GCC_DYNAMIC_NO_PIC = NO;
				GCC_NO_COMMON_BLOCKS = YES;
				GCC_OPTIMIZATION_LEVEL = 0;
				GCC_PREPROCESSOR_DEFINITIONS = (
					"DEBUG=1",
					"$(inherited)",
				);
				GCC_WARN_64_TO_32_BIT_CONVERSION = YES;
				GCC_WARN_ABOUT_RETURN_TYPE = YES_ERROR;
				GCC_WARN_UNDECLARED_SELECTOR = YES;
				GCC_WARN_UNINITIALIZED_AUTOS = YES_AGGRESSIVE;
				GCC_WARN_UNUSED_FUNCTION = YES;
				GCC_WARN_UNUSED_VARIABLE = YES;
				IPHONEOS_DEPLOYMENT_TARGET = 15.5;
				MTL_ENABLE_DEBUG_INFO = INCLUDE_SOURCE;
				MTL_FAST_MATH = YES;
				ONLY_ACTIVE_ARCH = YES;
				SDKROOT = iphoneos;
				SWIFT_ACTIVE_COMPILATION_CONDITIONS = DEBUG;
				SWIFT_OPTIMIZATION_LEVEL = "-Onone";
			};
			name = Debug;
		};
		32BBEF8F28D6BBA1008A8F90 /* Release */ = {
			isa = XCBuildConfiguration;
			buildSettings = {
				ALWAYS_SEARCH_USER_PATHS = NO;
				CLANG_ANALYZER_NONNULL = YES;
				CLANG_ANALYZER_NUMBER_OBJECT_CONVERSION = YES_AGGRESSIVE;
				CLANG_CXX_LANGUAGE_STANDARD = "gnu++17";
				CLANG_ENABLE_MODULES = YES;
				CLANG_ENABLE_OBJC_ARC = YES;
				CLANG_ENABLE_OBJC_WEAK = YES;
				CLANG_WARN_BLOCK_CAPTURE_AUTORELEASING = YES;
				CLANG_WARN_BOOL_CONVERSION = YES;
				CLANG_WARN_COMMA = YES;
				CLANG_WARN_CONSTANT_CONVERSION = YES;
				CLANG_WARN_DEPRECATED_OBJC_IMPLEMENTATIONS = YES;
				CLANG_WARN_DIRECT_OBJC_ISA_USAGE = YES_ERROR;
				CLANG_WARN_DOCUMENTATION_COMMENTS = YES;
				CLANG_WARN_EMPTY_BODY = YES;
				CLANG_WARN_ENUM_CONVERSION = YES;
				CLANG_WARN_INFINITE_RECURSION = YES;
				CLANG_WARN_INT_CONVERSION = YES;
				CLANG_WARN_NON_LITERAL_NULL_CONVERSION = YES;
				CLANG_WARN_OBJC_IMPLICIT_RETAIN_SELF = YES;
				CLANG_WARN_OBJC_LITERAL_CONVERSION = YES;
				CLANG_WARN_OBJC_ROOT_CLASS = YES_ERROR;
				CLANG_WARN_QUOTED_INCLUDE_IN_FRAMEWORK_HEADER = YES;
				CLANG_WARN_RANGE_LOOP_ANALYSIS = YES;
				CLANG_WARN_STRICT_PROTOTYPES = YES;
				CLANG_WARN_SUSPICIOUS_MOVE = YES;
				CLANG_WARN_UNGUARDED_AVAILABILITY = YES_AGGRESSIVE;
				CLANG_WARN_UNREACHABLE_CODE = YES;
				CLANG_WARN__DUPLICATE_METHOD_MATCH = YES;
				COPY_PHASE_STRIP = NO;
				DEBUG_INFORMATION_FORMAT = "dwarf-with-dsym";
				ENABLE_NS_ASSERTIONS = NO;
				ENABLE_STRICT_OBJC_MSGSEND = YES;
				GCC_C_LANGUAGE_STANDARD = gnu11;
				GCC_NO_COMMON_BLOCKS = YES;
				GCC_WARN_64_TO_32_BIT_CONVERSION = YES;
				GCC_WARN_ABOUT_RETURN_TYPE = YES_ERROR;
				GCC_WARN_UNDECLARED_SELECTOR = YES;
				GCC_WARN_UNINITIALIZED_AUTOS = YES_AGGRESSIVE;
				GCC_WARN_UNUSED_FUNCTION = YES;
				GCC_WARN_UNUSED_VARIABLE = YES;
				IPHONEOS_DEPLOYMENT_TARGET = 15.5;
				MTL_ENABLE_DEBUG_INFO = NO;
				MTL_FAST_MATH = YES;
				SDKROOT = iphoneos;
				SWIFT_COMPILATION_MODE = wholemodule;
				SWIFT_OPTIMIZATION_LEVEL = "-O";
				VALIDATE_PRODUCT = YES;
			};
			name = Release;
		};
		32BBEF9128D6BBA1008A8F90 /* Debug */ = {
			isa = XCBuildConfiguration;
			buildSettings = {
				ASSETCATALOG_COMPILER_APPICON_NAME = AppIcon;
				ASSETCATALOG_COMPILER_GLOBAL_ACCENT_COLOR_NAME = AccentColor;
				CODE_SIGN_STYLE = Automatic;
				CURRENT_PROJECT_VERSION = 1;
				GENERATE_INFOPLIST_FILE = YES;
				INFOPLIST_FILE = CollectionView_Image/Info.plist;
				INFOPLIST_KEY_UIApplicationSupportsIndirectInputEvents = YES;
				INFOPLIST_KEY_UILaunchStoryboardName = LaunchScreen;
				INFOPLIST_KEY_UIMainStoryboardFile = Main;
				INFOPLIST_KEY_UISupportedInterfaceOrientations_iPad = "UIInterfaceOrientationPortrait UIInterfaceOrientationPortraitUpsideDown UIInterfaceOrientationLandscapeLeft UIInterfaceOrientationLandscapeRight";
				INFOPLIST_KEY_UISupportedInterfaceOrientations_iPhone = "UIInterfaceOrientationPortrait UIInterfaceOrientationLandscapeLeft UIInterfaceOrientationLandscapeRight";
				LD_RUNPATH_SEARCH_PATHS = (
					"$(inherited)",
					"@executable_path/Frameworks",
				);
				MARKETING_VERSION = 1.0;
				PRODUCT_BUNDLE_IDENTIFIER = "com.swiftlec.CollectionView-Image";
				PRODUCT_NAME = "$(TARGET_NAME)";
				SWIFT_EMIT_LOC_STRINGS = YES;
				SWIFT_VERSION = 5.0;
				TARGETED_DEVICE_FAMILY = "1,2";
			};
			name = Debug;
		};
		32BBEF9228D6BBA1008A8F90 /* Release */ = {
			isa = XCBuildConfiguration;
			buildSettings = {
				ASSETCATALOG_COMPILER_APPICON_NAME = AppIcon;
				ASSETCATALOG_COMPILER_GLOBAL_ACCENT_COLOR_NAME = AccentColor;
				CODE_SIGN_STYLE = Automatic;
				CURRENT_PROJECT_VERSION = 1;
				GENERATE_INFOPLIST_FILE = YES;
				INFOPLIST_FILE = CollectionView_Image/Info.plist;
				INFOPLIST_KEY_UIApplicationSupportsIndirectInputEvents = YES;
				INFOPLIST_KEY_UILaunchStoryboardName = LaunchScreen;
				INFOPLIST_KEY_UIMainStoryboardFile = Main;
				INFOPLIST_KEY_UISupportedInterfaceOrientations_iPad = "UIInterfaceOrientationPortrait UIInterfaceOrientationPortraitUpsideDown UIInterfaceOrientationLandscapeLeft UIInterfaceOrientationLandscapeRight";
				INFOPLIST_KEY_UISupportedInterfaceOrientations_iPhone = "UIInterfaceOrientationPortrait UIInterfaceOrientationLandscapeLeft UIInterfaceOrientationLandscapeRight";
				LD_RUNPATH_SEARCH_PATHS = (
					"$(inherited)",
					"@executable_path/Frameworks",
				);
				MARKETING_VERSION = 1.0;
				PRODUCT_BUNDLE_IDENTIFIER = "com.swiftlec.CollectionView-Image";
				PRODUCT_NAME = "$(TARGET_NAME)";
				SWIFT_EMIT_LOC_STRINGS = YES;
				SWIFT_VERSION = 5.0;
				TARGETED_DEVICE_FAMILY = "1,2";
			};
			name = Release;
		};
/* End XCBuildConfiguration section */

/* Begin XCConfigurationList section */
		32BBEF7728D6BB9E008A8F90 /* Build configuration list for PBXProject "CollectionView_Image" */ = {
			isa = XCConfigurationList;
			buildConfigurations = (
				32BBEF8E28D6BBA1008A8F90 /* Debug */,
				32BBEF8F28D6BBA1008A8F90 /* Release */,
			);
			defaultConfigurationIsVisible = 0;
			defaultConfigurationName = Release;
		};
		32BBEF9028D6BBA1008A8F90 /* Build configuration list for PBXNativeTarget "CollectionView_Image" */ = {
			isa = XCConfigurationList;
			buildConfigurations = (
				32BBEF9128D6BBA1008A8F90 /* Debug */,
				32BBEF9228D6BBA1008A8F90 /* Release */,
			);
			defaultConfigurationIsVisible = 0;
			defaultConfigurationName = Release;
		};
/* End XCConfigurationList section */
	};
	rootObject = 32BBEF7428D6BB9E008A8F90 /* Project object */;
}
