// !$*UTF8*$!
{
	archiveVersion = 1;
	classes = {
	};
	objectVersion = 55;
	objects = {

/* Begin PBXBuildFile section */
		322D0AAC28E929A8001751EB /* AppDelegate.swift in Sources */ = {isa = PBXBuildFile; fileRef = 322D0AAB28E929A8001751EB /* AppDelegate.swift */; };
		322D0AAE28E929A8001751EB /* SceneDelegate.swift in Sources */ = {isa = PBXBuildFile; fileRef = 322D0AAD28E929A8001751EB /* SceneDelegate.swift */; };
		322D0AB328E929A8001751EB /* Main.storyboard in Resources */ = {isa = PBXBuildFile; fileRef = 322D0AB128E929A8001751EB /* Main.storyboard */; };
		322D0AB528E929AF001751EB /* Assets.xcassets in Resources */ = {isa = PBXBuildFile; fileRef = 322D0AB428E929AF001751EB /* Assets.xcassets */; };
		322D0AB828E929AF001751EB /* LaunchScreen.storyboard in Resources */ = {isa = PBXBuildFile; fileRef = 322D0AB628E929AF001751EB /* LaunchScreen.storyboard */; };
		322D0AC028E92C14001751EB /* TableViewController.swift in Sources */ = {isa = PBXBuildFile; fileRef = 322D0ABF28E92C14001751EB /* TableViewController.swift */; };
		322D0AC228E92CE1001751EB /* JSONModel.swift in Sources */ = {isa = PBXBuildFile; fileRef = 322D0AC128E92CE1001751EB /* JSONModel.swift */; };
		322D0AC428E92D1F001751EB /* DBModel.swift in Sources */ = {isa = PBXBuildFile; fileRef = 322D0AC328E92D1F001751EB /* DBModel.swift */; };
		322D0AC628E92E8E001751EB /* AddViewController.swift in Sources */ = {isa = PBXBuildFile; fileRef = 322D0AC528E92E8E001751EB /* AddViewController.swift */; };
		322D0AC828E92E99001751EB /* DetailViewController.swift in Sources */ = {isa = PBXBuildFile; fileRef = 322D0AC728E92E99001751EB /* DetailViewController.swift */; };
		322D0ACA28E93190001751EB /* QueryModel.swift in Sources */ = {isa = PBXBuildFile; fileRef = 322D0AC928E93190001751EB /* QueryModel.swift */; };
		322D0ACC28E94DD2001751EB /* InsertModel.swift in Sources */ = {isa = PBXBuildFile; fileRef = 322D0ACB28E94DD2001751EB /* InsertModel.swift */; };
		322D0ACE28E95F02001751EB /* UpdateModel.swift in Sources */ = {isa = PBXBuildFile; fileRef = 322D0ACD28E95F02001751EB /* UpdateModel.swift */; };
		322D0AD028E95F0E001751EB /* DeleteModel.swift in Sources */ = {isa = PBXBuildFile; fileRef = 322D0ACF28E95F0E001751EB /* DeleteModel.swift */; };
		322D0AD228E96319001751EB /* CUDModel.swift in Sources */ = {isa = PBXBuildFile; fileRef = 322D0AD128E96319001751EB /* CUDModel.swift */; };
/* End PBXBuildFile section */

/* Begin PBXFileReference section */
		322D0AA828E929A8001751EB /* DBCRUD_03.app */ = {isa = PBXFileReference; explicitFileType = wrapper.application; includeInIndex = 0; path = DBCRUD_03.app; sourceTree = BUILT_PRODUCTS_DIR; };
		322D0AAB28E929A8001751EB /* AppDelegate.swift */ = {isa = PBXFileReference; lastKnownFileType = sourcecode.swift; path = AppDelegate.swift; sourceTree = "<group>"; };
		322D0AAD28E929A8001751EB /* SceneDelegate.swift */ = {isa = PBXFileReference; lastKnownFileType = sourcecode.swift; path = SceneDelegate.swift; sourceTree = "<group>"; };
		322D0AB228E929A8001751EB /* Base */ = {isa = PBXFileReference; lastKnownFileType = file.storyboard; name = Base; path = Base.lproj/Main.storyboard; sourceTree = "<group>"; };
		322D0AB428E929AF001751EB /* Assets.xcassets */ = {isa = PBXFileReference; lastKnownFileType = folder.assetcatalog; path = Assets.xcassets; sourceTree = "<group>"; };
		322D0AB728E929AF001751EB /* Base */ = {isa = PBXFileReference; lastKnownFileType = file.storyboard; name = Base; path = Base.lproj/LaunchScreen.storyboard; sourceTree = "<group>"; };
		322D0AB928E929AF001751EB /* Info.plist */ = {isa = PBXFileReference; lastKnownFileType = text.plist.xml; path = Info.plist; sourceTree = "<group>"; };
		322D0ABF28E92C14001751EB /* TableViewController.swift */ = {isa = PBXFileReference; lastKnownFileType = sourcecode.swift; path = TableViewController.swift; sourceTree = "<group>"; };
		322D0AC128E92CE1001751EB /* JSONModel.swift */ = {isa = PBXFileReference; lastKnownFileType = sourcecode.swift; path = JSONModel.swift; sourceTree = "<group>"; };
		322D0AC328E92D1F001751EB /* DBModel.swift */ = {isa = PBXFileReference; lastKnownFileType = sourcecode.swift; path = DBModel.swift; sourceTree = "<group>"; };
		322D0AC528E92E8E001751EB /* AddViewController.swift */ = {isa = PBXFileReference; lastKnownFileType = sourcecode.swift; path = AddViewController.swift; sourceTree = "<group>"; };
		322D0AC728E92E99001751EB /* DetailViewController.swift */ = {isa = PBXFileReference; lastKnownFileType = sourcecode.swift; path = DetailViewController.swift; sourceTree = "<group>"; };
		322D0AC928E93190001751EB /* QueryModel.swift */ = {isa = PBXFileReference; lastKnownFileType = sourcecode.swift; path = QueryModel.swift; sourceTree = "<group>"; };
		322D0ACB28E94DD2001751EB /* InsertModel.swift */ = {isa = PBXFileReference; lastKnownFileType = sourcecode.swift; path = InsertModel.swift; sourceTree = "<group>"; };
		322D0ACD28E95F02001751EB /* UpdateModel.swift */ = {isa = PBXFileReference; lastKnownFileType = sourcecode.swift; path = UpdateModel.swift; sourceTree = "<group>"; };
		322D0ACF28E95F0E001751EB /* DeleteModel.swift */ = {isa = PBXFileReference; lastKnownFileType = sourcecode.swift; path = DeleteModel.swift; sourceTree = "<group>"; };
		322D0AD128E96319001751EB /* CUDModel.swift */ = {isa = PBXFileReference; lastKnownFileType = sourcecode.swift; path = CUDModel.swift; sourceTree = "<group>"; };
/* End PBXFileReference section */

/* Begin PBXFrameworksBuildPhase section */
		322D0AA528E929A8001751EB /* Frameworks */ = {
			isa = PBXFrameworksBuildPhase;
			buildActionMask = 2147483647;
			files = (
			);
			runOnlyForDeploymentPostprocessing = 0;
		};
/* End PBXFrameworksBuildPhase section */

/* Begin PBXGroup section */
		322D0A9F28E929A8001751EB = {
			isa = PBXGroup;
			children = (
				322D0AAA28E929A8001751EB /* DBCRUD_03 */,
				322D0AA928E929A8001751EB /* Products */,
			);
			sourceTree = "<group>";
		};
		322D0AA928E929A8001751EB /* Products */ = {
			isa = PBXGroup;
			children = (
				322D0AA828E929A8001751EB /* DBCRUD_03.app */,
			);
			name = Products;
			sourceTree = "<group>";
		};
		322D0AAA28E929A8001751EB /* DBCRUD_03 */ = {
			isa = PBXGroup;
			children = (
				322D0AAB28E929A8001751EB /* AppDelegate.swift */,
				322D0AAD28E929A8001751EB /* SceneDelegate.swift */,
				322D0ABF28E92C14001751EB /* TableViewController.swift */,
				322D0AC528E92E8E001751EB /* AddViewController.swift */,
				322D0AC728E92E99001751EB /* DetailViewController.swift */,
				322D0AB128E929A8001751EB /* Main.storyboard */,
				322D0AB428E929AF001751EB /* Assets.xcassets */,
				322D0AB628E929AF001751EB /* LaunchScreen.storyboard */,
				322D0AB928E929AF001751EB /* Info.plist */,
				322D0AC128E92CE1001751EB /* JSONModel.swift */,
				322D0AC328E92D1F001751EB /* DBModel.swift */,
				322D0AC928E93190001751EB /* QueryModel.swift */,
				322D0ACB28E94DD2001751EB /* InsertModel.swift */,
				322D0ACD28E95F02001751EB /* UpdateModel.swift */,
				322D0ACF28E95F0E001751EB /* DeleteModel.swift */,
				322D0AD128E96319001751EB /* CUDModel.swift */,
			);
			path = DBCRUD_03;
			sourceTree = "<group>";
		};
/* End PBXGroup section */

/* Begin PBXNativeTarget section */
		322D0AA728E929A8001751EB /* DBCRUD_03 */ = {
			isa = PBXNativeTarget;
			buildConfigurationList = 322D0ABC28E929AF001751EB /* Build configuration list for PBXNativeTarget "DBCRUD_03" */;
			buildPhases = (
				322D0AA428E929A8001751EB /* Sources */,
				322D0AA528E929A8001751EB /* Frameworks */,
				322D0AA628E929A8001751EB /* Resources */,
			);
			buildRules = (
			);
			dependencies = (
			);
			name = DBCRUD_03;
			productName = DBCRUD_03;
			productReference = 322D0AA828E929A8001751EB /* DBCRUD_03.app */;
			productType = "com.apple.product-type.application";
		};
/* End PBXNativeTarget section */

/* Begin PBXProject section */
		322D0AA028E929A8001751EB /* Project object */ = {
			isa = PBXProject;
			attributes = {
				BuildIndependentTargetsInParallel = 1;
				LastSwiftUpdateCheck = 1340;
				LastUpgradeCheck = 1340;
				TargetAttributes = {
					322D0AA728E929A8001751EB = {
						CreatedOnToolsVersion = 13.4.1;
					};
				};
			};
			buildConfigurationList = 322D0AA328E929A8001751EB /* Build configuration list for PBXProject "DBCRUD_03" */;
			compatibilityVersion = "Xcode 13.0";
			developmentRegion = en;
			hasScannedForEncodings = 0;
			knownRegions = (
				en,
				Base,
			);
			mainGroup = 322D0A9F28E929A8001751EB;
			productRefGroup = 322D0AA928E929A8001751EB /* Products */;
			projectDirPath = "";
			projectRoot = "";
			targets = (
				322D0AA728E929A8001751EB /* DBCRUD_03 */,
			);
		};
/* End PBXProject section */

/* Begin PBXResourcesBuildPhase section */
		322D0AA628E929A8001751EB /* Resources */ = {
			isa = PBXResourcesBuildPhase;
			buildActionMask = 2147483647;
			files = (
				322D0AB828E929AF001751EB /* LaunchScreen.storyboard in Resources */,
				322D0AB528E929AF001751EB /* Assets.xcassets in Resources */,
				322D0AB328E929A8001751EB /* Main.storyboard in Resources */,
			);
			runOnlyForDeploymentPostprocessing = 0;
		};
/* End PBXResourcesBuildPhase section */

/* Begin PBXSourcesBuildPhase section */
		322D0AA428E929A8001751EB /* Sources */ = {
			isa = PBXSourcesBuildPhase;
			buildActionMask = 2147483647;
			files = (
				322D0AC428E92D1F001751EB /* DBModel.swift in Sources */,
				322D0ACC28E94DD2001751EB /* InsertModel.swift in Sources */,
				322D0AAC28E929A8001751EB /* AppDelegate.swift in Sources */,
				322D0ACA28E93190001751EB /* QueryModel.swift in Sources */,
				322D0ACE28E95F02001751EB /* UpdateModel.swift in Sources */,
				322D0AC628E92E8E001751EB /* AddViewController.swift in Sources */,
				322D0AD028E95F0E001751EB /* DeleteModel.swift in Sources */,
				322D0AC228E92CE1001751EB /* JSONModel.swift in Sources */,
				322D0AC028E92C14001751EB /* TableViewController.swift in Sources */,
				322D0AAE28E929A8001751EB /* SceneDelegate.swift in Sources */,
				322D0AD228E96319001751EB /* CUDModel.swift in Sources */,
				322D0AC828E92E99001751EB /* DetailViewController.swift in Sources */,
			);
			runOnlyForDeploymentPostprocessing = 0;
		};
/* End PBXSourcesBuildPhase section */

/* Begin PBXVariantGroup section */
		322D0AB128E929A8001751EB /* Main.storyboard */ = {
			isa = PBXVariantGroup;
			children = (
				322D0AB228E929A8001751EB /* Base */,
			);
			name = Main.storyboard;
			sourceTree = "<group>";
		};
		322D0AB628E929AF001751EB /* LaunchScreen.storyboard */ = {
			isa = PBXVariantGroup;
			children = (
				322D0AB728E929AF001751EB /* Base */,
			);
			name = LaunchScreen.storyboard;
			sourceTree = "<group>";
		};
/* End PBXVariantGroup section */

/* Begin XCBuildConfiguration section */
		322D0ABA28E929AF001751EB /* Debug */ = {
			isa = XCBuildConfiguration;
			buildSettings = {
				ALWAYS_SEARCH_USER_PATHS = NO;
				CLANG_ANALYZER_NONNULL = YES;
				CLANG_ANALYZER_NUMBER_OBJECT_CONVERSION = YES_AGGRESSIVE;
				CLANG_CXX_LANGUAGE_STANDARD = "gnu++17";
				CLANG_ENABLE_MODULES = YES;
				CLANG_ENABLE_OBJC_ARC = YES;
				CLANG_ENABLE_OBJC_WEAK = YES;
				CLANG_WARN_BLOCK_CAPTURE_AUTORELEASING = YES;
				CLANG_WARN_BOOL_CONVERSION = YES;
				CLANG_WARN_COMMA = YES;
				CLANG_WARN_CONSTANT_CONVERSION = YES;
				CLANG_WARN_DEPRECATED_OBJC_IMPLEMENTATIONS = YES;
				CLANG_WARN_DIRECT_OBJC_ISA_USAGE = YES_ERROR;
				CLANG_WARN_DOCUMENTATION_COMMENTS = YES;
				CLANG_WARN_EMPTY_BODY = YES;
				CLANG_WARN_ENUM_CONVERSION = YES;
				CLANG_WARN_INFINITE_RECURSION = YES;
				CLANG_WARN_INT_CONVERSION = YES;
				CLANG_WARN_NON_LITERAL_NULL_CONVERSION = YES;
				CLANG_WARN_OBJC_IMPLICIT_RETAIN_SELF = YES;
				CLANG_WARN_OBJC_LITERAL_CONVERSION = YES;
				CLANG_WARN_OBJC_ROOT_CLASS = YES_ERROR;
				CLANG_WARN_QUOTED_INCLUDE_IN_FRAMEWORK_HEADER = YES;
				CLANG_WARN_RANGE_LOOP_ANALYSIS = YES;
				CLANG_WARN_STRICT_PROTOTYPES = YES;
				CLANG_WARN_SUSPICIOUS_MOVE = YES;
				CLANG_WARN_UNGUARDED_AVAILABILITY = YES_AGGRESSIVE;
				CLANG_WARN_UNREACHABLE_CODE = YES;
				CLANG_WARN__DUPLICATE_METHOD_MATCH = YES;
				COPY_PHASE_STRIP = NO;
				DEBUG_INFORMATION_FORMAT = dwarf;
				ENABLE_STRICT_OBJC_MSGSEND = YES;
				ENABLE_TESTABILITY = YES;
				GCC_C_LANGUAGE_STANDARD = gnu11;
				GCC_DYNAMIC_NO_PIC = NO;
				GCC_NO_COMMON_BLOCKS = YES;
				GCC_OPTIMIZATION_LEVEL = 0;
				GCC_PREPROCESSOR_DEFINITIONS = (
					"DEBUG=1",
					"$(inherited)",
				);
				GCC_WARN_64_TO_32_BIT_CONVERSION = YES;
				GCC_WARN_ABOUT_RETURN_TYPE = YES_ERROR;
				GCC_WARN_UNDECLARED_SELECTOR = YES;
				GCC_WARN_UNINITIALIZED_AUTOS = YES_AGGRESSIVE;
				GCC_WARN_UNUSED_FUNCTION = YES;
				GCC_WARN_UNUSED_VARIABLE = YES;
				IPHONEOS_DEPLOYMENT_TARGET = 15.5;
				MTL_ENABLE_DEBUG_INFO = INCLUDE_SOURCE;
				MTL_FAST_MATH = YES;
				ONLY_ACTIVE_ARCH = YES;
				SDKROOT = iphoneos;
				SWIFT_ACTIVE_COMPILATION_CONDITIONS = DEBUG;
				SWIFT_OPTIMIZATION_LEVEL = "-Onone";
			};
			name = Debug;
		};
		322D0ABB28E929AF001751EB /* Release */ = {
			isa = XCBuildConfiguration;
			buildSettings = {
				ALWAYS_SEARCH_USER_PATHS = NO;
				CLANG_ANALYZER_NONNULL = YES;
				CLANG_ANALYZER_NUMBER_OBJECT_CONVERSION = YES_AGGRESSIVE;
				CLANG_CXX_LANGUAGE_STANDARD = "gnu++17";
				CLANG_ENABLE_MODULES = YES;
				CLANG_ENABLE_OBJC_ARC = YES;
				CLANG_ENABLE_OBJC_WEAK = YES;
				CLANG_WARN_BLOCK_CAPTURE_AUTORELEASING = YES;
				CLANG_WARN_BOOL_CONVERSION = YES;
				CLANG_WARN_COMMA = YES;
				CLANG_WARN_CONSTANT_CONVERSION = YES;
				CLANG_WARN_DEPRECATED_OBJC_IMPLEMENTATIONS = YES;
				CLANG_WARN_DIRECT_OBJC_ISA_USAGE = YES_ERROR;
				CLANG_WARN_DOCUMENTATION_COMMENTS = YES;
				CLANG_WARN_EMPTY_BODY = YES;
				CLANG_WARN_ENUM_CONVERSION = YES;
				CLANG_WARN_INFINITE_RECURSION = YES;
				CLANG_WARN_INT_CONVERSION = YES;
				CLANG_WARN_NON_LITERAL_NULL_CONVERSION = YES;
				CLANG_WARN_OBJC_IMPLICIT_RETAIN_SELF = YES;
				CLANG_WARN_OBJC_LITERAL_CONVERSION = YES;
				CLANG_WARN_OBJC_ROOT_CLASS = YES_ERROR;
				CLANG_WARN_QUOTED_INCLUDE_IN_FRAMEWORK_HEADER = YES;
				CLANG_WARN_RANGE_LOOP_ANALYSIS = YES;
				CLANG_WARN_STRICT_PROTOTYPES = YES;
				CLANG_WARN_SUSPICIOUS_MOVE = YES;
				CLANG_WARN_UNGUARDED_AVAILABILITY = YES_AGGRESSIVE;
				CLANG_WARN_UNREACHABLE_CODE = YES;
				CLANG_WARN__DUPLICATE_METHOD_MATCH = YES;
				COPY_PHASE_STRIP = NO;
				DEBUG_INFORMATION_FORMAT = "dwarf-with-dsym";
				ENABLE_NS_ASSERTIONS = NO;
				ENABLE_STRICT_OBJC_MSGSEND = YES;
				GCC_C_LANGUAGE_STANDARD = gnu11;
				GCC_NO_COMMON_BLOCKS = YES;
				GCC_WARN_64_TO_32_BIT_CONVERSION = YES;
				GCC_WARN_ABOUT_RETURN_TYPE = YES_ERROR;
				GCC_WARN_UNDECLARED_SELECTOR = YES;
				GCC_WARN_UNINITIALIZED_AUTOS = YES_AGGRESSIVE;
				GCC_WARN_UNUSED_FUNCTION = YES;
				GCC_WARN_UNUSED_VARIABLE = YES;
				IPHONEOS_DEPLOYMENT_TARGET = 15.5;
				MTL_ENABLE_DEBUG_INFO = NO;
				MTL_FAST_MATH = YES;
				SDKROOT = iphoneos;
				SWIFT_COMPILATION_MODE = wholemodule;
				SWIFT_OPTIMIZATION_LEVEL = "-O";
				VALIDATE_PRODUCT = YES;
			};
			name = Release;
		};
		322D0ABD28E929AF001751EB /* Debug */ = {
			isa = XCBuildConfiguration;
			buildSettings = {
				ASSETCATALOG_COMPILER_APPICON_NAME = AppIcon;
				ASSETCATALOG_COMPILER_GLOBAL_ACCENT_COLOR_NAME = AccentColor;
				CODE_SIGN_STYLE = Automatic;
				CURRENT_PROJECT_VERSION = 1;
				GENERATE_INFOPLIST_FILE = YES;
				INFOPLIST_FILE = DBCRUD_03/Info.plist;
				INFOPLIST_KEY_UIApplicationSupportsIndirectInputEvents = YES;
				INFOPLIST_KEY_UILaunchStoryboardName = LaunchScreen;
				INFOPLIST_KEY_UIMainStoryboardFile = Main;
				INFOPLIST_KEY_UISupportedInterfaceOrientations_iPad = "UIInterfaceOrientationPortrait UIInterfaceOrientationPortraitUpsideDown UIInterfaceOrientationLandscapeLeft UIInterfaceOrientationLandscapeRight";
				INFOPLIST_KEY_UISupportedInterfaceOrientations_iPhone = "UIInterfaceOrientationPortrait UIInterfaceOrientationLandscapeLeft UIInterfaceOrientationLandscapeRight";
				LD_RUNPATH_SEARCH_PATHS = (
					"$(inherited)",
					"@executable_path/Frameworks",
				);
				MARKETING_VERSION = 1.0;
				PRODUCT_BUNDLE_IDENTIFIER = "com.swiftlec.DBCRUD-03";
				PRODUCT_NAME = "$(TARGET_NAME)";
				SWIFT_EMIT_LOC_STRINGS = YES;
				SWIFT_VERSION = 5.0;
				TARGETED_DEVICE_FAMILY = "1,2";
			};
			name = Debug;
		};
		322D0ABE28E929AF001751EB /* Release */ = {
			isa = XCBuildConfiguration;
			buildSettings = {
				ASSETCATALOG_COMPILER_APPICON_NAME = AppIcon;
				ASSETCATALOG_COMPILER_GLOBAL_ACCENT_COLOR_NAME = AccentColor;
				CODE_SIGN_STYLE = Automatic;
				CURRENT_PROJECT_VERSION = 1;
				GENERATE_INFOPLIST_FILE = YES;
				INFOPLIST_FILE = DBCRUD_03/Info.plist;
				INFOPLIST_KEY_UIApplicationSupportsIndirectInputEvents = YES;
				INFOPLIST_KEY_UILaunchStoryboardName = LaunchScreen;
				INFOPLIST_KEY_UIMainStoryboardFile = Main;
				INFOPLIST_KEY_UISupportedInterfaceOrientations_iPad = "UIInterfaceOrientationPortrait UIInterfaceOrientationPortraitUpsideDown UIInterfaceOrientationLandscapeLeft UIInterfaceOrientationLandscapeRight";
				INFOPLIST_KEY_UISupportedInterfaceOrientations_iPhone = "UIInterfaceOrientationPortrait UIInterfaceOrientationLandscapeLeft UIInterfaceOrientationLandscapeRight";
				LD_RUNPATH_SEARCH_PATHS = (
					"$(inherited)",
					"@executable_path/Frameworks",
				);
				MARKETING_VERSION = 1.0;
				PRODUCT_BUNDLE_IDENTIFIER = "com.swiftlec.DBCRUD-03";
				PRODUCT_NAME = "$(TARGET_NAME)";
				SWIFT_EMIT_LOC_STRINGS = YES;
				SWIFT_VERSION = 5.0;
				TARGETED_DEVICE_FAMILY = "1,2";
			};
			name = Release;
		};
/* End XCBuildConfiguration section */

/* Begin XCConfigurationList section */
		322D0AA328E929A8001751EB /* Build configuration list for PBXProject "DBCRUD_03" */ = {
			isa = XCConfigurationList;
			buildConfigurations = (
				322D0ABA28E929AF001751EB /* Debug */,
				322D0ABB28E929AF001751EB /* Release */,
			);
			defaultConfigurationIsVisible = 0;
			defaultConfigurationName = Release;
		};
		322D0ABC28E929AF001751EB /* Build configuration list for PBXNativeTarget "DBCRUD_03" */ = {
			isa = XCConfigurationList;
			buildConfigurations = (
				322D0ABD28E929AF001751EB /* Debug */,
				322D0ABE28E929AF001751EB /* Release */,
			);
			defaultConfigurationIsVisible = 0;
			defaultConfigurationName = Release;
		};
/* End XCConfigurationList section */
	};
	rootObject = 322D0AA028E929A8001751EB /* Project object */;
}
