// !$*UTF8*$!
{
	archiveVersion = 1;
	classes = {
	};
	objectVersion = 55;
	objects = {

/* Begin PBXBuildFile section */
		3233749828DEA19000043946 /* AppDelegate.swift in Sources */ = {isa = PBXBuildFile; fileRef = 3233749728DEA19000043946 /* AppDelegate.swift */; };
		3233749A28DEA19000043946 /* SceneDelegate.swift in Sources */ = {isa = PBXBuildFile; fileRef = 3233749928DEA19000043946 /* SceneDelegate.swift */; };
		3233749F28DEA19000043946 /* Main.storyboard in Resources */ = {isa = PBXBuildFile; fileRef = 3233749D28DEA19000043946 /* Main.storyboard */; };
		323374A128DEA19300043946 /* Assets.xcassets in Resources */ = {isa = PBXBuildFile; fileRef = 323374A028DEA19300043946 /* Assets.xcassets */; };
		323374A428DEA19300043946 /* LaunchScreen.storyboard in Resources */ = {isa = PBXBuildFile; fileRef = 323374A228DEA19300043946 /* LaunchScreen.storyboard */; };
		323374AC28DEA2AE00043946 /* TableViewCell.swift in Sources */ = {isa = PBXBuildFile; fileRef = 323374AB28DEA2AE00043946 /* TableViewCell.swift */; };
		323374AE28DEA2BA00043946 /* TableViewController.swift in Sources */ = {isa = PBXBuildFile; fileRef = 323374AD28DEA2BA00043946 /* TableViewController.swift */; };
		323374B028DEA35B00043946 /* StudentJson.swift in Sources */ = {isa = PBXBuildFile; fileRef = 323374AF28DEA35B00043946 /* StudentJson.swift */; };
		323374B228DEA38400043946 /* DBModel.swift in Sources */ = {isa = PBXBuildFile; fileRef = 323374B128DEA38400043946 /* DBModel.swift */; };
		323374B428DEA3A700043946 /* QueryModel.swift in Sources */ = {isa = PBXBuildFile; fileRef = 323374B328DEA3A700043946 /* QueryModel.swift */; };
/* End PBXBuildFile section */

/* Begin PBXFileReference section */
		3233749428DEA19000043946 /* ServerJson_03.app */ = {isa = PBXFileReference; explicitFileType = wrapper.application; includeInIndex = 0; path = ServerJson_03.app; sourceTree = BUILT_PRODUCTS_DIR; };
		3233749728DEA19000043946 /* AppDelegate.swift */ = {isa = PBXFileReference; lastKnownFileType = sourcecode.swift; path = AppDelegate.swift; sourceTree = "<group>"; };
		3233749928DEA19000043946 /* SceneDelegate.swift */ = {isa = PBXFileReference; lastKnownFileType = sourcecode.swift; path = SceneDelegate.swift; sourceTree = "<group>"; };
		3233749E28DEA19000043946 /* Base */ = {isa = PBXFileReference; lastKnownFileType = file.storyboard; name = Base; path = Base.lproj/Main.storyboard; sourceTree = "<group>"; };
		323374A028DEA19300043946 /* Assets.xcassets */ = {isa = PBXFileReference; lastKnownFileType = folder.assetcatalog; path = Assets.xcassets; sourceTree = "<group>"; };
		323374A328DEA19300043946 /* Base */ = {isa = PBXFileReference; lastKnownFileType = file.storyboard; name = Base; path = Base.lproj/LaunchScreen.storyboard; sourceTree = "<group>"; };
		323374A528DEA19300043946 /* Info.plist */ = {isa = PBXFileReference; lastKnownFileType = text.plist.xml; path = Info.plist; sourceTree = "<group>"; };
		323374AB28DEA2AE00043946 /* TableViewCell.swift */ = {isa = PBXFileReference; lastKnownFileType = sourcecode.swift; path = TableViewCell.swift; sourceTree = "<group>"; };
		323374AD28DEA2BA00043946 /* TableViewController.swift */ = {isa = PBXFileReference; lastKnownFileType = sourcecode.swift; path = TableViewController.swift; sourceTree = "<group>"; };
		323374AF28DEA35B00043946 /* StudentJson.swift */ = {isa = PBXFileReference; lastKnownFileType = sourcecode.swift; path = StudentJson.swift; sourceTree = "<group>"; };
		323374B128DEA38400043946 /* DBModel.swift */ = {isa = PBXFileReference; lastKnownFileType = sourcecode.swift; path = DBModel.swift; sourceTree = "<group>"; };
		323374B328DEA3A700043946 /* QueryModel.swift */ = {isa = PBXFileReference; lastKnownFileType = sourcecode.swift; path = QueryModel.swift; sourceTree = "<group>"; };
/* End PBXFileReference section */

/* Begin PBXFrameworksBuildPhase section */
		3233749128DEA19000043946 /* Frameworks */ = {
			isa = PBXFrameworksBuildPhase;
			buildActionMask = 2147483647;
			files = (
			);
			runOnlyForDeploymentPostprocessing = 0;
		};
/* End PBXFrameworksBuildPhase section */

/* Begin PBXGroup section */
		3233748B28DEA19000043946 = {
			isa = PBXGroup;
			children = (
				3233749628DEA19000043946 /* ServerJson_03 */,
				3233749528DEA19000043946 /* Products */,
			);
			sourceTree = "<group>";
		};
		3233749528DEA19000043946 /* Products */ = {
			isa = PBXGroup;
			children = (
				3233749428DEA19000043946 /* ServerJson_03.app */,
			);
			name = Products;
			sourceTree = "<group>";
		};
		3233749628DEA19000043946 /* ServerJson_03 */ = {
			isa = PBXGroup;
			children = (
				3233749728DEA19000043946 /* AppDelegate.swift */,
				3233749928DEA19000043946 /* SceneDelegate.swift */,
				3233749D28DEA19000043946 /* Main.storyboard */,
				323374A028DEA19300043946 /* Assets.xcassets */,
				323374A228DEA19300043946 /* LaunchScreen.storyboard */,
				323374A528DEA19300043946 /* Info.plist */,
				323374AB28DEA2AE00043946 /* TableViewCell.swift */,
				323374AD28DEA2BA00043946 /* TableViewController.swift */,
				323374AF28DEA35B00043946 /* StudentJson.swift */,
				323374B128DEA38400043946 /* DBModel.swift */,
				323374B328DEA3A700043946 /* QueryModel.swift */,
			);
			path = ServerJson_03;
			sourceTree = "<group>";
		};
/* End PBXGroup section */

/* Begin PBXNativeTarget section */
		3233749328DEA19000043946 /* ServerJson_03 */ = {
			isa = PBXNativeTarget;
			buildConfigurationList = 323374A828DEA19300043946 /* Build configuration list for PBXNativeTarget "ServerJson_03" */;
			buildPhases = (
				3233749028DEA19000043946 /* Sources */,
				3233749128DEA19000043946 /* Frameworks */,
				3233749228DEA19000043946 /* Resources */,
			);
			buildRules = (
			);
			dependencies = (
			);
			name = ServerJson_03;
			productName = ServerJson_03;
			productReference = 3233749428DEA19000043946 /* ServerJson_03.app */;
			productType = "com.apple.product-type.application";
		};
/* End PBXNativeTarget section */

/* Begin PBXProject section */
		3233748C28DEA19000043946 /* Project object */ = {
			isa = PBXProject;
			attributes = {
				BuildIndependentTargetsInParallel = 1;
				LastSwiftUpdateCheck = 1340;
				LastUpgradeCheck = 1340;
				TargetAttributes = {
					3233749328DEA19000043946 = {
						CreatedOnToolsVersion = 13.4.1;
					};
				};
			};
			buildConfigurationList = 3233748F28DEA19000043946 /* Build configuration list for PBXProject "ServerJson_03" */;
			compatibilityVersion = "Xcode 13.0";
			developmentRegion = en;
			hasScannedForEncodings = 0;
			knownRegions = (
				en,
				Base,
			);
			mainGroup = 3233748B28DEA19000043946;
			productRefGroup = 3233749528DEA19000043946 /* Products */;
			projectDirPath = "";
			projectRoot = "";
			targets = (
				3233749328DEA19000043946 /* ServerJson_03 */,
			);
		};
/* End PBXProject section */

/* Begin PBXResourcesBuildPhase section */
		3233749228DEA19000043946 /* Resources */ = {
			isa = PBXResourcesBuildPhase;
			buildActionMask = 2147483647;
			files = (
				323374A428DEA19300043946 /* LaunchScreen.storyboard in Resources */,
				323374A128DEA19300043946 /* Assets.xcassets in Resources */,
				3233749F28DEA19000043946 /* Main.storyboard in Resources */,
			);
			runOnlyForDeploymentPostprocessing = 0;
		};
/* End PBXResourcesBuildPhase section */

/* Begin PBXSourcesBuildPhase section */
		3233749028DEA19000043946 /* Sources */ = {
			isa = PBXSourcesBuildPhase;
			buildActionMask = 2147483647;
			files = (
				323374B028DEA35B00043946 /* StudentJson.swift in Sources */,
				323374AC28DEA2AE00043946 /* TableViewCell.swift in Sources */,
				3233749828DEA19000043946 /* AppDelegate.swift in Sources */,
				3233749A28DEA19000043946 /* SceneDelegate.swift in Sources */,
				323374B428DEA3A700043946 /* QueryModel.swift in Sources */,
				323374AE28DEA2BA00043946 /* TableViewController.swift in Sources */,
				323374B228DEA38400043946 /* DBModel.swift in Sources */,
			);
			runOnlyForDeploymentPostprocessing = 0;
		};
/* End PBXSourcesBuildPhase section */

/* Begin PBXVariantGroup section */
		3233749D28DEA19000043946 /* Main.storyboard */ = {
			isa = PBXVariantGroup;
			children = (
				3233749E28DEA19000043946 /* Base */,
			);
			name = Main.storyboard;
			sourceTree = "<group>";
		};
		323374A228DEA19300043946 /* LaunchScreen.storyboard */ = {
			isa = PBXVariantGroup;
			children = (
				323374A328DEA19300043946 /* Base */,
			);
			name = LaunchScreen.storyboard;
			sourceTree = "<group>";
		};
/* End PBXVariantGroup section */

/* Begin XCBuildConfiguration section */
		323374A628DEA19300043946 /* Debug */ = {
			isa = XCBuildConfiguration;
			buildSettings = {
				ALWAYS_SEARCH_USER_PATHS = NO;
				CLANG_ANALYZER_NONNULL = YES;
				CLANG_ANALYZER_NUMBER_OBJECT_CONVERSION = YES_AGGRESSIVE;
				CLANG_CXX_LANGUAGE_STANDARD = "gnu++17";
				CLANG_ENABLE_MODULES = YES;
				CLANG_ENABLE_OBJC_ARC = YES;
				CLANG_ENABLE_OBJC_WEAK = YES;
				CLANG_WARN_BLOCK_CAPTURE_AUTORELEASING = YES;
				CLANG_WARN_BOOL_CONVERSION = YES;
				CLANG_WARN_COMMA = YES;
				CLANG_WARN_CONSTANT_CONVERSION = YES;
				CLANG_WARN_DEPRECATED_OBJC_IMPLEMENTATIONS = YES;
				CLANG_WARN_DIRECT_OBJC_ISA_USAGE = YES_ERROR;
				CLANG_WARN_DOCUMENTATION_COMMENTS = YES;
				CLANG_WARN_EMPTY_BODY = YES;
				CLANG_WARN_ENUM_CONVERSION = YES;
				CLANG_WARN_INFINITE_RECURSION = YES;
				CLANG_WARN_INT_CONVERSION = YES;
				CLANG_WARN_NON_LITERAL_NULL_CONVERSION = YES;
				CLANG_WARN_OBJC_IMPLICIT_RETAIN_SELF = YES;
				CLANG_WARN_OBJC_LITERAL_CONVERSION = YES;
				CLANG_WARN_OBJC_ROOT_CLASS = YES_ERROR;
				CLANG_WARN_QUOTED_INCLUDE_IN_FRAMEWORK_HEADER = YES;
				CLANG_WARN_RANGE_LOOP_ANALYSIS = YES;
				CLANG_WARN_STRICT_PROTOTYPES = YES;
				CLANG_WARN_SUSPICIOUS_MOVE = YES;
				CLANG_WARN_UNGUARDED_AVAILABILITY = YES_AGGRESSIVE;
				CLANG_WARN_UNREACHABLE_CODE = YES;
				CLANG_WARN__DUPLICATE_METHOD_MATCH = YES;
				COPY_PHASE_STRIP = NO;
				DEBUG_INFORMATION_FORMAT = dwarf;
				ENABLE_STRICT_OBJC_MSGSEND = YES;
				ENABLE_TESTABILITY = YES;
				GCC_C_LANGUAGE_STANDARD = gnu11;
				GCC_DYNAMIC_NO_PIC = NO;
				GCC_NO_COMMON_BLOCKS = YES;
				GCC_OPTIMIZATION_LEVEL = 0;
				GCC_PREPROCESSOR_DEFINITIONS = (
					"DEBUG=1",
					"$(inherited)",
				);
				GCC_WARN_64_TO_32_BIT_CONVERSION = YES;
				GCC_WARN_ABOUT_RETURN_TYPE = YES_ERROR;
				GCC_WARN_UNDECLARED_SELECTOR = YES;
				GCC_WARN_UNINITIALIZED_AUTOS = YES_AGGRESSIVE;
				GCC_WARN_UNUSED_FUNCTION = YES;
				GCC_WARN_UNUSED_VARIABLE = YES;
				IPHONEOS_DEPLOYMENT_TARGET = 15.5;
				MTL_ENABLE_DEBUG_INFO = INCLUDE_SOURCE;
				MTL_FAST_MATH = YES;
				ONLY_ACTIVE_ARCH = YES;
				SDKROOT = iphoneos;
				SWIFT_ACTIVE_COMPILATION_CONDITIONS = DEBUG;
				SWIFT_OPTIMIZATION_LEVEL = "-Onone";
			};
			name = Debug;
		};
		323374A728DEA19300043946 /* Release */ = {
			isa = XCBuildConfiguration;
			buildSettings = {
				ALWAYS_SEARCH_USER_PATHS = NO;
				CLANG_ANALYZER_NONNULL = YES;
				CLANG_ANALYZER_NUMBER_OBJECT_CONVERSION = YES_AGGRESSIVE;
				CLANG_CXX_LANGUAGE_STANDARD = "gnu++17";
				CLANG_ENABLE_MODULES = YES;
				CLANG_ENABLE_OBJC_ARC = YES;
				CLANG_ENABLE_OBJC_WEAK = YES;
				CLANG_WARN_BLOCK_CAPTURE_AUTORELEASING = YES;
				CLANG_WARN_BOOL_CONVERSION = YES;
				CLANG_WARN_COMMA = YES;
				CLANG_WARN_CONSTANT_CONVERSION = YES;
				CLANG_WARN_DEPRECATED_OBJC_IMPLEMENTATIONS = YES;
				CLANG_WARN_DIRECT_OBJC_ISA_USAGE = YES_ERROR;
				CLANG_WARN_DOCUMENTATION_COMMENTS = YES;
				CLANG_WARN_EMPTY_BODY = YES;
				CLANG_WARN_ENUM_CONVERSION = YES;
				CLANG_WARN_INFINITE_RECURSION = YES;
				CLANG_WARN_INT_CONVERSION = YES;
				CLANG_WARN_NON_LITERAL_NULL_CONVERSION = YES;
				CLANG_WARN_OBJC_IMPLICIT_RETAIN_SELF = YES;
				CLANG_WARN_OBJC_LITERAL_CONVERSION = YES;
				CLANG_WARN_OBJC_ROOT_CLASS = YES_ERROR;
				CLANG_WARN_QUOTED_INCLUDE_IN_FRAMEWORK_HEADER = YES;
				CLANG_WARN_RANGE_LOOP_ANALYSIS = YES;
				CLANG_WARN_STRICT_PROTOTYPES = YES;
				CLANG_WARN_SUSPICIOUS_MOVE = YES;
				CLANG_WARN_UNGUARDED_AVAILABILITY = YES_AGGRESSIVE;
				CLANG_WARN_UNREACHABLE_CODE = YES;
				CLANG_WARN__DUPLICATE_METHOD_MATCH = YES;
				COPY_PHASE_STRIP = NO;
				DEBUG_INFORMATION_FORMAT = "dwarf-with-dsym";
				ENABLE_NS_ASSERTIONS = NO;
				ENABLE_STRICT_OBJC_MSGSEND = YES;
				GCC_C_LANGUAGE_STANDARD = gnu11;
				GCC_NO_COMMON_BLOCKS = YES;
				GCC_WARN_64_TO_32_BIT_CONVERSION = YES;
				GCC_WARN_ABOUT_RETURN_TYPE = YES_ERROR;
				GCC_WARN_UNDECLARED_SELECTOR = YES;
				GCC_WARN_UNINITIALIZED_AUTOS = YES_AGGRESSIVE;
				GCC_WARN_UNUSED_FUNCTION = YES;
				GCC_WARN_UNUSED_VARIABLE = YES;
				IPHONEOS_DEPLOYMENT_TARGET = 15.5;
				MTL_ENABLE_DEBUG_INFO = NO;
				MTL_FAST_MATH = YES;
				SDKROOT = iphoneos;
				SWIFT_COMPILATION_MODE = wholemodule;
				SWIFT_OPTIMIZATION_LEVEL = "-O";
				VALIDATE_PRODUCT = YES;
			};
			name = Release;
		};
		323374A928DEA19300043946 /* Debug */ = {
			isa = XCBuildConfiguration;
			buildSettings = {
				ASSETCATALOG_COMPILER_APPICON_NAME = AppIcon;
				ASSETCATALOG_COMPILER_GLOBAL_ACCENT_COLOR_NAME = AccentColor;
				CODE_SIGN_STYLE = Automatic;
				CURRENT_PROJECT_VERSION = 1;
				GENERATE_INFOPLIST_FILE = YES;
				INFOPLIST_FILE = ServerJson_03/Info.plist;
				INFOPLIST_KEY_UIApplicationSupportsIndirectInputEvents = YES;
				INFOPLIST_KEY_UILaunchStoryboardName = LaunchScreen;
				INFOPLIST_KEY_UIMainStoryboardFile = Main;
				INFOPLIST_KEY_UISupportedInterfaceOrientations_iPad = "UIInterfaceOrientationPortrait UIInterfaceOrientationPortraitUpsideDown UIInterfaceOrientationLandscapeLeft UIInterfaceOrientationLandscapeRight";
				INFOPLIST_KEY_UISupportedInterfaceOrientations_iPhone = "UIInterfaceOrientationPortrait UIInterfaceOrientationLandscapeLeft UIInterfaceOrientationLandscapeRight";
				LD_RUNPATH_SEARCH_PATHS = (
					"$(inherited)",
					"@executable_path/Frameworks",
				);
				MARKETING_VERSION = 1.0;
				PRODUCT_BUNDLE_IDENTIFIER = "com.swiftlec.ServerJson-03";
				PRODUCT_NAME = "$(TARGET_NAME)";
				SWIFT_EMIT_LOC_STRINGS = YES;
				SWIFT_VERSION = 5.0;
				TARGETED_DEVICE_FAMILY = "1,2";
			};
			name = Debug;
		};
		323374AA28DEA19300043946 /* Release */ = {
			isa = XCBuildConfiguration;
			buildSettings = {
				ASSETCATALOG_COMPILER_APPICON_NAME = AppIcon;
				ASSETCATALOG_COMPILER_GLOBAL_ACCENT_COLOR_NAME = AccentColor;
				CODE_SIGN_STYLE = Automatic;
				CURRENT_PROJECT_VERSION = 1;
				GENERATE_INFOPLIST_FILE = YES;
				INFOPLIST_FILE = ServerJson_03/Info.plist;
				INFOPLIST_KEY_UIApplicationSupportsIndirectInputEvents = YES;
				INFOPLIST_KEY_UILaunchStoryboardName = LaunchScreen;
				INFOPLIST_KEY_UIMainStoryboardFile = Main;
				INFOPLIST_KEY_UISupportedInterfaceOrientations_iPad = "UIInterfaceOrientationPortrait UIInterfaceOrientationPortraitUpsideDown UIInterfaceOrientationLandscapeLeft UIInterfaceOrientationLandscapeRight";
				INFOPLIST_KEY_UISupportedInterfaceOrientations_iPhone = "UIInterfaceOrientationPortrait UIInterfaceOrientationLandscapeLeft UIInterfaceOrientationLandscapeRight";
				LD_RUNPATH_SEARCH_PATHS = (
					"$(inherited)",
					"@executable_path/Frameworks",
				);
				MARKETING_VERSION = 1.0;
				PRODUCT_BUNDLE_IDENTIFIER = "com.swiftlec.ServerJson-03";
				PRODUCT_NAME = "$(TARGET_NAME)";
				SWIFT_EMIT_LOC_STRINGS = YES;
				SWIFT_VERSION = 5.0;
				TARGETED_DEVICE_FAMILY = "1,2";
			};
			name = Release;
		};
/* End XCBuildConfiguration section */

/* Begin XCConfigurationList section */
		3233748F28DEA19000043946 /* Build configuration list for PBXProject "ServerJson_03" */ = {
			isa = XCConfigurationList;
			buildConfigurations = (
				323374A628DEA19300043946 /* Debug */,
				323374A728DEA19300043946 /* Release */,
			);
			defaultConfigurationIsVisible = 0;
			defaultConfigurationName = Release;
		};
		323374A828DEA19300043946 /* Build configuration list for PBXNativeTarget "ServerJson_03" */ = {
			isa = XCConfigurationList;
			buildConfigurations = (
				323374A928DEA19300043946 /* Debug */,
				323374AA28DEA19300043946 /* Release */,
			);
			defaultConfigurationIsVisible = 0;
			defaultConfigurationName = Release;
		};
/* End XCConfigurationList section */
	};
	rootObject = 3233748C28DEA19000043946 /* Project object */;
}
